import:
- package: github.com/bronze1man/goStrongswanVici
  version: master
  repo: https://github.com/oats87/goStrongswanVici.git
- package: github.com/coreos/go-iptables
  version: v0.4.0
- package: github.com/davecgh/go-spew/spew
  version: 782f4967f2dc4564575ca782fe2d04090b5faca8
- package: github.com/evanphx/json-patch
  version: 36442dbdb585210f8d5a1b45e67aa323c197d5c4
- package: github.com/gogo/protobuf/proto
  version: 342cbe0a04158f6dcb03ca0079991a51a4248c02
- package: github.com/gogo/protobuf/sortkeys
  version: 342cbe0a04158f6dcb03ca0079991a51a4248c02
- package: github.com/golang/groupcache/lru
  version: 02826c3e79038b59d737d3b1c0a1d937f71a4433
- package: github.com/golang/protobuf/proto
  version: b4deda0973fb4c70b50d226b1af49f3da59f5265
- package: github.com/golang/protobuf/ptypes
  version: b4deda0973fb4c70b50d226b1af49f3da59f5265
- package: github.com/golang/protobuf/ptypes/any
  version: b4deda0973fb4c70b50d226b1af49f3da59f5265
- package: github.com/golang/protobuf/ptypes/duration
  version: b4deda0973fb4c70b50d226b1af49f3da59f5265
- package: github.com/golang/protobuf/ptypes/timestamp
  version: b4deda0973fb4c70b50d226b1af49f3da59f5265
- package: github.com/google/btree
  version: 7d79101e329e5a3adf994758c578dab82b90c017
- package: github.com/google/gofuzz
  version: 44d81051d367757e1c7c6a5a86423ece9afcf63c
- package: github.com/googleapis/gnostic/OpenAPIv2
  version: 0c5108395e2debce0d731cf0287ddf7242066aba
- package: github.com/googleapis/gnostic/compiler
  version: 0c5108395e2debce0d731cf0287ddf7242066aba
- package: github.com/googleapis/gnostic/extensions
  version: 0c5108395e2debce0d731cf0287ddf7242066aba
- package: github.com/gregjones/httpcache
  version: 787624de3eb7bd915c329cba748687a3b22666a6
- package: github.com/gregjones/httpcache/diskcache
  version: 787624de3eb7bd915c329cba748687a3b22666a6
- package: github.com/hashicorp/golang-lru
  version: a0d98a5f288019575c6d1f4bb1573fef2d1fcdc4
- package: github.com/hashicorp/golang-lru/simplelru
  version: a0d98a5f288019575c6d1f4bb1573fef2d1fcdc4
- package: github.com/imdario/mergo
  version: 9316a62528ac99aaecb4e47eadd6dc8aa6533d58
- package: github.com/jpillora/backoff
  version: 1.0.0
- package: github.com/json-iterator/go
  version: ab8a2e0c74be9d3be70b3184d9acc634935ded82
- package: github.com/kelseyhightower/envconfig
  version: v1.3.0
- package: github.com/modern-go/concurrent
  version: bacd9c7ef1dd9b15be4a9909b8ac7a4e313eec94
- package: github.com/modern-go/reflect2
  version: 94122c33edd36123c84d5368cfb2b69df93a0ec8
- package: github.com/peterbourgon/diskv
  version: 5f041e8faa004a95c88a202771f4cc3e991971e6
- package: github.com/rdegges/go-ipify
  version: master
- package: github.com/spf13/pflag
  version: 583c0c0531f06d5278b7d917446061adc344b5cd
- package: github.com/vishvananda/netlink
  version: v1.0.0
- package: github.com/vishvananda/netns
  version: 13995c7128ccc8e51e9a6bd2b551020a27180abd
- package: golang.org/x/crypto/ssh/terminal
  version: de0752318171da717af4ce24d0a2e8626afaeb11
- package: golang.org/x/net/context
  version: 0ed95abb35c445290478a5348a7b38bb154135fd
- package: golang.org/x/net/http2
  version: 0ed95abb35c445290478a5348a7b38bb154135fd
- package: golang.org/x/net/http2/hpack
  version: 0ed95abb35c445290478a5348a7b38bb154135fd
- package: golang.org/x/net/idna
  version: 0ed95abb35c445290478a5348a7b38bb154135fd
- package: golang.org/x/net/lex/httplex
  version: 0ed95abb35c445290478a5348a7b38bb154135fd
- package: golang.org/x/oauth2
  version: a6bd8cefa1811bd24b86f8902872e4e8225f74c4
- package: golang.org/x/oauth2/internal
  version: a6bd8cefa1811bd24b86f8902872e4e8225f74c4
- package: golang.org/x/sys/unix
  version: release-branch.go1.11
- package: golang.org/x/sys/windows
  version: release-branch.go1.11
- package: golang.org/x/text/secure/bidirule
  version: b19bf474d317b857955b12035d2c5acb57ce8b01
- package: golang.org/x/text/transform
  version: b19bf474d317b857955b12035d2c5acb57ce8b01
- package: golang.org/x/text/unicode/bidi
  version: b19bf474d317b857955b12035d2c5acb57ce8b01
- package: golang.org/x/text/unicode/norm
  version: b19bf474d317b857955b12035d2c5acb57ce8b01
- package: golang.org/x/time/rate
  version: f51c12702a4d776e4c1fa9b0fabab841babae631
- package: gopkg.in/inf.v0
  version: 3887ee99ecf07df5b447e9b00d9c0b2adaa9f3e4
- package: gopkg.in/yaml.v2
  version: 5420a8b6744d3b0345ab293f6fcba19c978f1183
- package: k8s.io/api/admissionregistration/v1alpha1
  version: 74b699b93c15473932b89e3d1818ba8282f3b5ab
- package: k8s.io/api/admissionregistration/v1beta1
  version: 74b699b93c15473932b89e3d1818ba8282f3b5ab
- package: k8s.io/api/apps/v1
  version: 74b699b93c15473932b89e3d1818ba8282f3b5ab
- package: k8s.io/api/apps/v1beta1
  version: 74b699b93c15473932b89e3d1818ba8282f3b5ab
- package: k8s.io/api/apps/v1beta2
  version: 74b699b93c15473932b89e3d1818ba8282f3b5ab
- package: k8s.io/api/auditregistration/v1alpha1
  version: 74b699b93c15473932b89e3d1818ba8282f3b5ab
- package: k8s.io/api/authentication/v1
  version: 74b699b93c15473932b89e3d1818ba8282f3b5ab
- package: k8s.io/api/authentication/v1beta1
  version: 74b699b93c15473932b89e3d1818ba8282f3b5ab
- package: k8s.io/api/authorization/v1
  version: 74b699b93c15473932b89e3d1818ba8282f3b5ab
- package: k8s.io/api/authorization/v1beta1
  version: 74b699b93c15473932b89e3d1818ba8282f3b5ab
- package: k8s.io/api/autoscaling/v1
  version: 74b699b93c15473932b89e3d1818ba8282f3b5ab
- package: k8s.io/api/autoscaling/v2beta1
  version: 74b699b93c15473932b89e3d1818ba8282f3b5ab
- package: k8s.io/api/autoscaling/v2beta2
  version: 74b699b93c15473932b89e3d1818ba8282f3b5ab
- package: k8s.io/api/batch/v1
  version: 74b699b93c15473932b89e3d1818ba8282f3b5ab
- package: k8s.io/api/batch/v1beta1
  version: 74b699b93c15473932b89e3d1818ba8282f3b5ab
- package: k8s.io/api/batch/v2alpha1
  version: 74b699b93c15473932b89e3d1818ba8282f3b5ab
- package: k8s.io/api/certificates/v1beta1
  version: 74b699b93c15473932b89e3d1818ba8282f3b5ab
- package: k8s.io/api/coordination/v1beta1
  version: 74b699b93c15473932b89e3d1818ba8282f3b5ab
- package: k8s.io/api/core/v1
  version: 74b699b93c15473932b89e3d1818ba8282f3b5ab
- package: k8s.io/api/events/v1beta1
  version: 74b699b93c15473932b89e3d1818ba8282f3b5ab
- package: k8s.io/api/extensions/v1beta1
  version: 74b699b93c15473932b89e3d1818ba8282f3b5ab
- package: k8s.io/api/networking/v1
  version: 74b699b93c15473932b89e3d1818ba8282f3b5ab
- package: k8s.io/api/policy/v1beta1
  version: 74b699b93c15473932b89e3d1818ba8282f3b5ab
- package: k8s.io/api/rbac/v1
  version: 74b699b93c15473932b89e3d1818ba8282f3b5ab
- package: k8s.io/api/rbac/v1alpha1
  version: 74b699b93c15473932b89e3d1818ba8282f3b5ab
- package: k8s.io/api/rbac/v1beta1
  version: 74b699b93c15473932b89e3d1818ba8282f3b5ab
- package: k8s.io/api/scheduling/v1alpha1
  version: 74b699b93c15473932b89e3d1818ba8282f3b5ab
- package: k8s.io/api/scheduling/v1beta1
  version: 74b699b93c15473932b89e3d1818ba8282f3b5ab
- package: k8s.io/api/settings/v1alpha1
  version: 74b699b93c15473932b89e3d1818ba8282f3b5ab
- package: k8s.io/api/storage/v1
  version: 74b699b93c15473932b89e3d1818ba8282f3b5ab
- package: k8s.io/api/storage/v1alpha1
  version: 74b699b93c15473932b89e3d1818ba8282f3b5ab
- package: k8s.io/api/storage/v1beta1
  version: 74b699b93c15473932b89e3d1818ba8282f3b5ab
- package: k8s.io/apimachinery/pkg/api/errors
  version: 572dfc7bdfcb4531361a17d27b92851f59acf0dc
- package: k8s.io/apimachinery/pkg/api/meta
  version: 572dfc7bdfcb4531361a17d27b92851f59acf0dc
- package: k8s.io/apimachinery/pkg/api/resource
  version: 572dfc7bdfcb4531361a17d27b92851f59acf0dc
- package: k8s.io/apimachinery/pkg/apis/meta/internalversion
  version: 572dfc7bdfcb4531361a17d27b92851f59acf0dc
- package: k8s.io/apimachinery/pkg/apis/meta/v1
  version: 572dfc7bdfcb4531361a17d27b92851f59acf0dc
- package: k8s.io/apimachinery/pkg/apis/meta/v1/unstructured
  version: 572dfc7bdfcb4531361a17d27b92851f59acf0dc
- package: k8s.io/apimachinery/pkg/apis/meta/v1beta1
  version: 572dfc7bdfcb4531361a17d27b92851f59acf0dc
- package: k8s.io/apimachinery/pkg/conversion
  version: 572dfc7bdfcb4531361a17d27b92851f59acf0dc
- package: k8s.io/apimachinery/pkg/conversion/queryparams
  version: 572dfc7bdfcb4531361a17d27b92851f59acf0dc
- package: k8s.io/apimachinery/pkg/fields
  version: 572dfc7bdfcb4531361a17d27b92851f59acf0dc
- package: k8s.io/apimachinery/pkg/labels
  version: 572dfc7bdfcb4531361a17d27b92851f59acf0dc
- package: k8s.io/apimachinery/pkg/runtime
  version: 572dfc7bdfcb4531361a17d27b92851f59acf0dc
- package: k8s.io/apimachinery/pkg/runtime/schema
  version: 572dfc7bdfcb4531361a17d27b92851f59acf0dc
- package: k8s.io/apimachinery/pkg/runtime/serializer
  version: 572dfc7bdfcb4531361a17d27b92851f59acf0dc
- package: k8s.io/apimachinery/pkg/runtime/serializer/json
  version: 572dfc7bdfcb4531361a17d27b92851f59acf0dc
- package: k8s.io/apimachinery/pkg/runtime/serializer/protobuf
  version: 572dfc7bdfcb4531361a17d27b92851f59acf0dc
- package: k8s.io/apimachinery/pkg/runtime/serializer/recognizer
  version: 572dfc7bdfcb4531361a17d27b92851f59acf0dc
- package: k8s.io/apimachinery/pkg/runtime/serializer/streaming
  version: 572dfc7bdfcb4531361a17d27b92851f59acf0dc
- package: k8s.io/apimachinery/pkg/runtime/serializer/versioning
  version: 572dfc7bdfcb4531361a17d27b92851f59acf0dc
- package: k8s.io/apimachinery/pkg/selection
  version: 572dfc7bdfcb4531361a17d27b92851f59acf0dc
- package: k8s.io/apimachinery/pkg/types
  version: 572dfc7bdfcb4531361a17d27b92851f59acf0dc
- package: k8s.io/apimachinery/pkg/util/cache
  version: 572dfc7bdfcb4531361a17d27b92851f59acf0dc
- package: k8s.io/apimachinery/pkg/util/clock
  version: 572dfc7bdfcb4531361a17d27b92851f59acf0dc
- package: k8s.io/apimachinery/pkg/util/diff
  version: 572dfc7bdfcb4531361a17d27b92851f59acf0dc
- package: k8s.io/apimachinery/pkg/util/errors
  version: 572dfc7bdfcb4531361a17d27b92851f59acf0dc
- package: k8s.io/apimachinery/pkg/util/framer
  version: 572dfc7bdfcb4531361a17d27b92851f59acf0dc
- package: k8s.io/apimachinery/pkg/util/intstr
  version: 572dfc7bdfcb4531361a17d27b92851f59acf0dc
- package: k8s.io/apimachinery/pkg/util/json
  version: 572dfc7bdfcb4531361a17d27b92851f59acf0dc
- package: k8s.io/apimachinery/pkg/util/mergepatch
  version: 572dfc7bdfcb4531361a17d27b92851f59acf0dc
- package: k8s.io/apimachinery/pkg/util/naming
  version: 572dfc7bdfcb4531361a17d27b92851f59acf0dc
- package: k8s.io/apimachinery/pkg/util/net
  version: 572dfc7bdfcb4531361a17d27b92851f59acf0dc
- package: k8s.io/apimachinery/pkg/util/runtime
  version: 572dfc7bdfcb4531361a17d27b92851f59acf0dc
- package: k8s.io/apimachinery/pkg/util/sets
  version: 572dfc7bdfcb4531361a17d27b92851f59acf0dc
- package: k8s.io/apimachinery/pkg/util/strategicpatch
  version: 572dfc7bdfcb4531361a17d27b92851f59acf0dc
- package: k8s.io/apimachinery/pkg/util/validation
  version: 572dfc7bdfcb4531361a17d27b92851f59acf0dc
- package: k8s.io/apimachinery/pkg/util/validation/field
  version: 572dfc7bdfcb4531361a17d27b92851f59acf0dc
- package: k8s.io/apimachinery/pkg/util/wait
  version: 572dfc7bdfcb4531361a17d27b92851f59acf0dc
- package: k8s.io/apimachinery/pkg/util/yaml
  version: 572dfc7bdfcb4531361a17d27b92851f59acf0dc
- package: k8s.io/apimachinery/pkg/version
  version: 572dfc7bdfcb4531361a17d27b92851f59acf0dc
- package: k8s.io/apimachinery/pkg/watch
  version: 572dfc7bdfcb4531361a17d27b92851f59acf0dc
- package: k8s.io/apimachinery/third_party/forked/golang/json
  version: 572dfc7bdfcb4531361a17d27b92851f59acf0dc
- package: k8s.io/apimachinery/third_party/forked/golang/reflect
  version: 572dfc7bdfcb4531361a17d27b92851f59acf0dc
- package: k8s.io/client-go
  version: kubernetes-1.13.3
- package: k8s.io/klog
  version: 8139d8cb77af419532b33dfa7dd09fbc5f1d344f
- package: k8s.io/kube-openapi/pkg/util/proto
  version: c59034cc13d587f5ef4e85ca0ade0c1866ae8e1d
- package: sigs.k8s.io/yaml
  version: fd68e9863619f6ec2fdd8625fe1f02e7c877e480
