---
lockfileVersion: 1
lockfileVendor: redhat
arches:
- arch: aarch64
  packages:
  - url: https://cdn.redhat.com/content/dist/rhel10/10/aarch64/appstream/os/Packages/i/iptables-nft-1.8.11-12.el10_1.aarch64.rpm
    repoid: rhel-10-for-aarch64-appstream-rpms
    size: 203829
    checksum: sha256:c498e55ddcfb21cece798674cb1533638ae931ff2c11759f983eafc4342618d5
    name: iptables-nft
    evr: 1.8.11-12.el10_1
    sourcerpm: iptables-1.8.11-12.el10_1.src.rpm
  - url: https://cdn.redhat.com/content/dist/rhel10/10/aarch64/baseos/os/Packages/i/ipset-7.22-9.el10_1.aarch64.rpm
    repoid: rhel-10-for-aarch64-baseos-rpms
    size: 45115
    checksum: sha256:33df3e13dc8fc74aca25795ac0ee98f1a7c6c35db603f416201d6ad9f6731394
    name: ipset
    evr: 7.22-9.el10_1
    sourcerpm: ipset-7.22-9.el10_1.src.rpm
  - url: https://cdn.redhat.com/content/dist/rhel10/10/aarch64/baseos/os/Packages/i/ipset-libs-7.22-9.el10_1.aarch64.rpm
    repoid: rhel-10-for-aarch64-baseos-rpms
    size: 68698
    checksum: sha256:0ed4d6974b494281ccd85abbdb05d6dd0e8103d2de1404f0dfdea34efea96002
    name: ipset-libs
    evr: 7.22-9.el10_1
    sourcerpm: ipset-7.22-9.el10_1.src.rpm
  - url: https://cdn.redhat.com/content/dist/rhel10/10/aarch64/baseos/os/Packages/i/iptables-libs-1.8.11-12.el10_1.aarch64.rpm
    repoid: rhel-10-for-aarch64-baseos-rpms
    size: 472434
    checksum: sha256:c9e6f19c824195c8fb5252ddfadbbaa8dd1d73cfa3b01fca819acdcd530f4811
    name: iptables-libs
    evr: 1.8.11-12.el10_1
    sourcerpm: iptables-1.8.11-12.el10_1.src.rpm
  - url: https://cdn.redhat.com/content/dist/rhel10/10/aarch64/baseos/os/Packages/j/jansson-2.14-3.el10.aarch64.rpm
    repoid: rhel-10-for-aarch64-baseos-rpms
    size: 50745
    checksum: sha256:c086696b0319fe183481eeb8a8f61679fe538f14e78fe83b9bb7995095f9d701
    name: jansson
    evr: 2.14-3.el10
    sourcerpm: jansson-2.14-3.el10.src.rpm
  - url: https://cdn.redhat.com/content/dist/rhel10/10/aarch64/baseos/os/Packages/l/libnetfilter_conntrack-1.0.9-12.el10.aarch64.rpm
    repoid: rhel-10-for-aarch64-baseos-rpms
    size: 62102
    checksum: sha256:af209839e761282682df314bf8a49c21c56e895224b03b14bec1a5dc23f542e5
    name: libnetfilter_conntrack
    evr: 1.0.9-12.el10
    sourcerpm: libnetfilter_conntrack-1.0.9-12.el10.src.rpm
  - url: https://cdn.redhat.com/content/dist/rhel10/10/aarch64/baseos/os/Packages/l/libnfnetlink-1.0.2-3.el10.aarch64.rpm
    repoid: rhel-10-for-aarch64-baseos-rpms
    size: 32719
    checksum: sha256:f60b0d300a90d854ad5a3742659a750015d045f34bfa79c860c0dc0bc9ded904
    name: libnfnetlink
    evr: 1.0.2-3.el10
    sourcerpm: libnfnetlink-1.0.2-3.el10.src.rpm
  - url: https://cdn.redhat.com/content/dist/rhel10/10/aarch64/baseos/os/Packages/l/libnftnl-1.2.8-4.el10_1.aarch64.rpm
    repoid: rhel-10-for-aarch64-baseos-rpms
    size: 83877
    checksum: sha256:2fff20a282bd709cc8021997195bfecfbfb6e31abf4bd3655333ef271be33ed4
    name: libnftnl
    evr: 1.2.8-4.el10_1
    sourcerpm: libnftnl-1.2.8-4.el10_1.src.rpm
  - url: https://cdn.redhat.com/content/dist/rhel10/10/aarch64/baseos/os/Packages/n/nftables-1.1.1-9.el10_1.aarch64.rpm
    repoid: rhel-10-for-aarch64-baseos-rpms
    size: 435272
    checksum: sha256:bb3252ccfdbad990e80e019f055a027c37eda3553279982260d3d9512a389de2
    name: nftables
    evr: 1:1.1.1-9.el10_1
    sourcerpm: nftables-1.1.1-9.el10_1.src.rpm
  source: []
  module_metadata: []
- arch: ppc64le
  packages:
  - url: https://cdn.redhat.com/content/dist/rhel10/10/ppc64le/appstream/os/Packages/i/iptables-nft-1.8.11-12.el10_1.ppc64le.rpm
    repoid: rhel-10-for-ppc64le-appstream-rpms
    size: 219189
    checksum: sha256:ae6821608646ef9456e92a981c614075ca2bd31b8524bd80f1140890c4bac366
    name: iptables-nft
    evr: 1.8.11-12.el10_1
    sourcerpm: iptables-1.8.11-12.el10_1.src.rpm
  - url: https://cdn.redhat.com/content/dist/rhel10/10/ppc64le/baseos/os/Packages/i/ipset-7.22-9.el10_1.ppc64le.rpm
    repoid: rhel-10-for-ppc64le-baseos-rpms
    size: 45199
    checksum: sha256:032faa00d11383b8f4a04056f19c26fcc66ea4ba41af69b40c7e591318e29006
    name: ipset
    evr: 7.22-9.el10_1
    sourcerpm: ipset-7.22-9.el10_1.src.rpm
  - url: https://cdn.redhat.com/content/dist/rhel10/10/ppc64le/baseos/os/Packages/i/ipset-libs-7.22-9.el10_1.ppc64le.rpm
    repoid: rhel-10-for-ppc64le-baseos-rpms
    size: 76362
    checksum: sha256:a55eca3af0a05e6d99b47a4764d15d8fd01cfb9e4ad494643e95f34283e79024
    name: ipset-libs
    evr: 7.22-9.el10_1
    sourcerpm: ipset-7.22-9.el10_1.src.rpm
  - url: https://cdn.redhat.com/content/dist/rhel10/10/ppc64le/baseos/os/Packages/i/iptables-libs-1.8.11-12.el10_1.ppc64le.rpm
    repoid: rhel-10-for-ppc64le-baseos-rpms
    size: 483010
    checksum: sha256:1feb8062c5e43ec6a6c1530e3d0e2c4b39bf18c8dd495feadc640d54932c5aca
    name: iptables-libs
    evr: 1.8.11-12.el10_1
    sourcerpm: iptables-1.8.11-12.el10_1.src.rpm
  - url: https://cdn.redhat.com/content/dist/rhel10/10/ppc64le/baseos/os/Packages/j/jansson-2.14-3.el10.ppc64le.rpm
    repoid: rhel-10-for-ppc64le-baseos-rpms
    size: 54545
    checksum: sha256:976ccb162fda98a3708628cf2e47f8b6b364e8cd468ce7b72662ff32a3bf18ad
    name: jansson
    evr: 2.14-3.el10
    sourcerpm: jansson-2.14-3.el10.src.rpm
  - url: https://cdn.redhat.com/content/dist/rhel10/10/ppc64le/baseos/os/Packages/l/libnetfilter_conntrack-1.0.9-12.el10.ppc64le.rpm
    repoid: rhel-10-for-ppc64le-baseos-rpms
    size: 67133
    checksum: sha256:d5f4f2c495d4f9ccedbc1b53419b6890bb2f5819de528b4ef686716cba275f3b
    name: libnetfilter_conntrack
    evr: 1.0.9-12.el10
    sourcerpm: libnetfilter_conntrack-1.0.9-12.el10.src.rpm
  - url: https://cdn.redhat.com/content/dist/rhel10/10/ppc64le/baseos/os/Packages/l/libnfnetlink-1.0.2-3.el10.ppc64le.rpm
    repoid: rhel-10-for-ppc64le-baseos-rpms
    size: 34024
    checksum: sha256:8c02e93819b9598b859ded2aeb13144fd858e06e3d5142d1403e9c6c6a6fae70
    name: libnfnetlink
    evr: 1.0.2-3.el10
    sourcerpm: libnfnetlink-1.0.2-3.el10.src.rpm
  - url: https://cdn.redhat.com/content/dist/rhel10/10/ppc64le/baseos/os/Packages/l/libnftnl-1.2.8-4.el10_1.ppc64le.rpm
    repoid: rhel-10-for-ppc64le-baseos-rpms
    size: 92258
    checksum: sha256:aec69e23d62a646db0acaa41506051e9f6f026f8aeb881dba2e01137f85d2419
    name: libnftnl
    evr: 1.2.8-4.el10_1
    sourcerpm: libnftnl-1.2.8-4.el10_1.src.rpm
  - url: https://cdn.redhat.com/content/dist/rhel10/10/ppc64le/baseos/os/Packages/n/nftables-1.1.1-9.el10_1.ppc64le.rpm
    repoid: rhel-10-for-ppc64le-baseos-rpms
    size: 468083
    checksum: sha256:bdbe3c015bd98e0fc753eb4e347bc2d731a449b2c42f92fe3e24bc6825d2889c
    name: nftables
    evr: 1:1.1.1-9.el10_1
    sourcerpm: nftables-1.1.1-9.el10_1.src.rpm
  source: []
  module_metadata: []
- arch: s390x
  packages:
  - url: https://cdn.redhat.com/content/dist/rhel10/10/s390x/appstream/os/Packages/i/iptables-nft-1.8.11-12.el10_1.s390x.rpm
    repoid: rhel-10-for-s390x-appstream-rpms
    size: 208356
    checksum: sha256:972dc7351a4ad84c970d4af8e1385f820cdf4ffeebf1e247b353ee52667d822e
    name: iptables-nft
    evr: 1.8.11-12.el10_1
    sourcerpm: iptables-1.8.11-12.el10_1.src.rpm
  - url: https://cdn.redhat.com/content/dist/rhel10/10/s390x/baseos/os/Packages/i/ipset-7.22-9.el10_1.s390x.rpm
    repoid: rhel-10-for-s390x-baseos-rpms
    size: 44844
    checksum: sha256:f91a8b4b156384f24ec5a6a8a5c9a660222807a0681a713117007055cc0a958e
    name: ipset
    evr: 7.22-9.el10_1
    sourcerpm: ipset-7.22-9.el10_1.src.rpm
  - url: https://cdn.redhat.com/content/dist/rhel10/10/s390x/baseos/os/Packages/i/ipset-libs-7.22-9.el10_1.s390x.rpm
    repoid: rhel-10-for-s390x-baseos-rpms
    size: 72299
    checksum: sha256:3b772325809e44d10f7b8bf35db74a6e03fed9b4cc96db0d2cbe5e2345ee3413
    name: ipset-libs
    evr: 7.22-9.el10_1
    sourcerpm: ipset-7.22-9.el10_1.src.rpm
  - url: https://cdn.redhat.com/content/dist/rhel10/10/s390x/baseos/os/Packages/i/iptables-libs-1.8.11-12.el10_1.s390x.rpm
    repoid: rhel-10-for-s390x-baseos-rpms
    size: 470474
    checksum: sha256:fa549c093225276aaf1f522aff118f9a3d030d35914a1cee51e3fae4fabc3378
    name: iptables-libs
    evr: 1.8.11-12.el10_1
    sourcerpm: iptables-1.8.11-12.el10_1.src.rpm
  - url: https://cdn.redhat.com/content/dist/rhel10/10/s390x/baseos/os/Packages/j/jansson-2.14-3.el10.s390x.rpm
    repoid: rhel-10-for-s390x-baseos-rpms
    size: 49596
    checksum: sha256:2001f74fcf0c32f12588e821e8742013cb7da3185a1bcf4e2390ac6c87ae9de8
    name: jansson
    evr: 2.14-3.el10
    sourcerpm: jansson-2.14-3.el10.src.rpm
  - url: https://cdn.redhat.com/content/dist/rhel10/10/s390x/baseos/os/Packages/l/libnetfilter_conntrack-1.0.9-12.el10.s390x.rpm
    repoid: rhel-10-for-s390x-baseos-rpms
    size: 64190
    checksum: sha256:501d7293b5215662779b0d3cb0892f87cad8a4e7d7acfb0a94c9aa44b8c2b82f
    name: libnetfilter_conntrack
    evr: 1.0.9-12.el10
    sourcerpm: libnetfilter_conntrack-1.0.9-12.el10.src.rpm
  - url: https://cdn.redhat.com/content/dist/rhel10/10/s390x/baseos/os/Packages/l/libnfnetlink-1.0.2-3.el10.s390x.rpm
    repoid: rhel-10-for-s390x-baseos-rpms
    size: 32705
    checksum: sha256:efd280b5774622c5a9bf6574404c8e6147f18d8a8db2c37fdc9ce6e21edfd7ae
    name: libnfnetlink
    evr: 1.0.2-3.el10
    sourcerpm: libnfnetlink-1.0.2-3.el10.src.rpm
  - url: https://cdn.redhat.com/content/dist/rhel10/10/s390x/baseos/os/Packages/l/libnftnl-1.2.8-4.el10_1.s390x.rpm
    repoid: rhel-10-for-s390x-baseos-rpms
    size: 85741
    checksum: sha256:09613f3096606a02a1413f9655452823433409f33ecbe948beb04d091b42ff85
    name: libnftnl
    evr: 1.2.8-4.el10_1
    sourcerpm: libnftnl-1.2.8-4.el10_1.src.rpm
  - url: https://cdn.redhat.com/content/dist/rhel10/10/s390x/baseos/os/Packages/n/nftables-1.1.1-9.el10_1.s390x.rpm
    repoid: rhel-10-for-s390x-baseos-rpms
    size: 470575
    checksum: sha256:bde08cfc18d4f3812838a3d6ad6529f16147a7f37c68732a2e663f4f07d0e361
    name: nftables
    evr: 1:1.1.1-9.el10_1
    sourcerpm: nftables-1.1.1-9.el10_1.src.rpm
  source: []
  module_metadata: []
- arch: x86_64
  packages:
  - url: https://cdn.redhat.com/content/dist/rhel10/10/x86_64/appstream/os/Packages/i/iptables-nft-1.8.11-12.el10_1.x86_64.rpm
    repoid: rhel-10-for-x86_64-appstream-rpms
    size: 203966
    checksum: sha256:79b67dec680b9d9be53768321d551cc03f51299529af021901559805dcc1feae
    name: iptables-nft
    evr: 1.8.11-12.el10_1
    sourcerpm: iptables-1.8.11-12.el10_1.src.rpm
  - url: https://cdn.redhat.com/content/dist/rhel10/10/x86_64/baseos/os/Packages/i/ipset-7.22-9.el10_1.x86_64.rpm
    repoid: rhel-10-for-x86_64-baseos-rpms
    size: 45028
    checksum: sha256:37cb0d9307ccc4567fb2b9bb4488dfe9983fdde3e2ecc1f3e8dd7b8f4fe85e99
    name: ipset
    evr: 7.22-9.el10_1
    sourcerpm: ipset-7.22-9.el10_1.src.rpm
  - url: https://cdn.redhat.com/content/dist/rhel10/10/x86_64/baseos/os/Packages/i/ipset-libs-7.22-9.el10_1.x86_64.rpm
    repoid: rhel-10-for-x86_64-baseos-rpms
    size: 70473
    checksum: sha256:6c8796d61ba07727929efa4b82a528377bcc659593a3aca86be4709fe97612a5
    name: ipset-libs
    evr: 7.22-9.el10_1
    sourcerpm: ipset-7.22-9.el10_1.src.rpm
  - url: https://cdn.redhat.com/content/dist/rhel10/10/x86_64/baseos/os/Packages/i/iptables-libs-1.8.11-12.el10_1.x86_64.rpm
    repoid: rhel-10-for-x86_64-baseos-rpms
    size: 457603
    checksum: sha256:6c432bd72858f15f6122121f20735c156be929dbd14477ed5eb90a0d27412d04
    name: iptables-libs
    evr: 1.8.11-12.el10_1
    sourcerpm: iptables-1.8.11-12.el10_1.src.rpm
  - url: https://cdn.redhat.com/content/dist/rhel10/10/x86_64/baseos/os/Packages/j/jansson-2.14-3.el10.x86_64.rpm
    repoid: rhel-10-for-x86_64-baseos-rpms
    size: 49616
    checksum: sha256:b5d6eeea14961f64ece8b3bbefeb53a61424822ccbaedb833f7fc7e50f6707c5
    name: jansson
    evr: 2.14-3.el10
    sourcerpm: jansson-2.14-3.el10.src.rpm
  - url: https://cdn.redhat.com/content/dist/rhel10/10/x86_64/baseos/os/Packages/l/libnetfilter_conntrack-1.0.9-12.el10.x86_64.rpm
    repoid: rhel-10-for-x86_64-baseos-rpms
    size: 62319
    checksum: sha256:65bca16a66f3505bf1758fb3930c5b3a70c8d03f3487cec18d482809911f4826
    name: libnetfilter_conntrack
    evr: 1.0.9-12.el10
    sourcerpm: libnetfilter_conntrack-1.0.9-12.el10.src.rpm
  - url: https://cdn.redhat.com/content/dist/rhel10/10/x86_64/baseos/os/Packages/l/libnfnetlink-1.0.2-3.el10.x86_64.rpm
    repoid: rhel-10-for-x86_64-baseos-rpms
    size: 32991
    checksum: sha256:2dbcc359e7750c6cc633718ed168805b6f96453f6cb052669ecd1f82ba8f4abc
    name: libnfnetlink
    evr: 1.0.2-3.el10
    sourcerpm: libnfnetlink-1.0.2-3.el10.src.rpm
  - url: https://cdn.redhat.com/content/dist/rhel10/10/x86_64/baseos/os/Packages/l/libnftnl-1.2.8-4.el10_1.x86_64.rpm
    repoid: rhel-10-for-x86_64-baseos-rpms
    size: 86541
    checksum: sha256:ef6ccdc28bf016acf870407654852e4a09a3b7c05bfb7a84f2cb761284b4b423
    name: libnftnl
    evr: 1.2.8-4.el10_1
    sourcerpm: libnftnl-1.2.8-4.el10_1.src.rpm
  - url: https://cdn.redhat.com/content/dist/rhel10/10/x86_64/baseos/os/Packages/n/nftables-1.1.1-9.el10_1.x86_64.rpm
    repoid: rhel-10-for-x86_64-baseos-rpms
    size: 447362
    checksum: sha256:4f090c509c6df755b9903cc2715af92c892b9766e680a03a596931e31b16c3b9
    name: nftables
    evr: 1:1.1.1-9.el10_1
    sourcerpm: nftables-1.1.1-9.el10_1.src.rpm
  source: []
  module_metadata: []
