---
lockfileVersion: 1
lockfileVendor: redhat
arches:
- arch: aarch64
  packages:
  - url: https://cdn-ubi.redhat.com/content/public/ubi/dist/ubi9/9/aarch64/appstream/os/Packages/c/checkpolicy-3.6-1.el9.aarch64.rpm
    repoid: ubi-9-for-aarch64-appstream-rpms
    size: 360096
    checksum: sha256:be68ea8774a5aa3b0220043aa21aa93213d4ec0e1cf0c1e9114369ed16ada37e
    name: checkpolicy
    evr: 3.6-1.el9
    sourcerpm: checkpolicy-3.6-1.el9.src.rpm
  - url: https://cdn-ubi.redhat.com/content/public/ubi/dist/ubi9/9/aarch64/appstream/os/Packages/p/policycoreutils-python-utils-3.6-5.el9.noarch.rpm
    repoid: ubi-9-for-aarch64-appstream-rpms
    size: 84137
    checksum: sha256:fae42a122e2848cfe99736012348f9c008c4d35e818e72e590e993e58d9858ad
    name: policycoreutils-python-utils
    evr: 3.6-5.el9
    sourcerpm: policycoreutils-3.6-5.el9.src.rpm
  - url: https://cdn-ubi.redhat.com/content/public/ubi/dist/ubi9/9/aarch64/appstream/os/Packages/p/python3-audit-3.1.5-8.el9.aarch64.rpm
    repoid: ubi-9-for-aarch64-appstream-rpms
    size: 91000
    checksum: sha256:4bc818f51fdd6846442e1e961b83e2ba777736e1fd28519e4ffdcc8e73c49154
    name: python3-audit
    evr: 3.1.5-8.el9
    sourcerpm: audit-3.1.5-8.el9.src.rpm
  - url: https://cdn-ubi.redhat.com/content/public/ubi/dist/ubi9/9/aarch64/appstream/os/Packages/p/python3-distro-1.5.0-7.el9.noarch.rpm
    repoid: ubi-9-for-aarch64-appstream-rpms
    size: 41452
    checksum: sha256:5cf4276217a72649895226707d4c0e3edd6ea64b66702793fab3907177c73069
    name: python3-distro
    evr: 1.5.0-7.el9
    sourcerpm: python-distro-1.5.0-7.el9.src.rpm
  - url: https://cdn-ubi.redhat.com/content/public/ubi/dist/ubi9/9/aarch64/appstream/os/Packages/p/python3-libselinux-3.6-3.el9.aarch64.rpm
    repoid: ubi-9-for-aarch64-appstream-rpms
    size: 191826
    checksum: sha256:dcc609ec4df45a30606ce85999c9cf45e819d4f8e8479662dfaf6bfb1b27dd2d
    name: python3-libselinux
    evr: 3.6-3.el9
    sourcerpm: libselinux-3.6-3.el9.src.rpm
  - url: https://cdn-ubi.redhat.com/content/public/ubi/dist/ubi9/9/aarch64/appstream/os/Packages/p/python3-libsemanage-3.6-5.el9_6.aarch64.rpm
    repoid: ubi-9-for-aarch64-appstream-rpms
    size: 82350
    checksum: sha256:1a32b9c090a98ddffe5ef70e4485dae8c295d942d87e15753e1cb5f01e23bc97
    name: python3-libsemanage
    evr: 3.6-5.el9_6
    sourcerpm: libsemanage-3.6-5.el9_6.src.rpm
  - url: https://cdn-ubi.redhat.com/content/public/ubi/dist/ubi9/9/aarch64/appstream/os/Packages/p/python3-policycoreutils-3.6-5.el9.noarch.rpm
    repoid: ubi-9-for-aarch64-appstream-rpms
    size: 2219410
    checksum: sha256:eb5d83e26cee47b23b4b802d98cae521f41d8d0d8451a9e5029cd9b5016dd00b
    name: python3-policycoreutils
    evr: 3.6-5.el9
    sourcerpm: policycoreutils-3.6-5.el9.src.rpm
  - url: https://cdn-ubi.redhat.com/content/public/ubi/dist/ubi9/9/aarch64/appstream/os/Packages/u/unbound-libs-1.24.2-2.el9.aarch64.rpm
    repoid: ubi-9-for-aarch64-appstream-rpms
    size: 578500
    checksum: sha256:dffd6182bca6cfad79777aa2c00a003d25c74d6fbc60b83feed5a7eba0e690e0
    name: unbound-libs
    evr: 1.24.2-2.el9
    sourcerpm: unbound-1.24.2-2.el9.src.rpm
  - url: https://cdn-ubi.redhat.com/content/public/ubi/dist/ubi9/9/aarch64/baseos/os/Packages/d/diffutils-3.7-12.el9.aarch64.rpm
    repoid: ubi-9-for-aarch64-baseos-rpms
    size: 405687
    checksum: sha256:524412f7ce56095508190116cb8ae141737857e4447979330c3cf75ca7017e6b
    name: diffutils
    evr: 3.7-12.el9
    sourcerpm: diffutils-3.7-12.el9.src.rpm
  - url: https://cdn-ubi.redhat.com/content/public/ubi/dist/ubi9/9/aarch64/baseos/os/Packages/d/dnf-plugins-core-4.3.0-26.el9.noarch.rpm
    repoid: ubi-9-for-aarch64-baseos-rpms
    size: 43795
    checksum: sha256:9e559ed75da897efbb9c9f22c936836aa740edf59063faa6c6d3817f0e055d1c
    name: dnf-plugins-core
    evr: 4.3.0-26.el9
    sourcerpm: dnf-plugins-core-4.3.0-26.el9.src.rpm
  - url: https://cdn-ubi.redhat.com/content/public/ubi/dist/ubi9/9/aarch64/baseos/os/Packages/i/ipset-7.11-11.el9_5.aarch64.rpm
    repoid: ubi-9-for-aarch64-baseos-rpms
    size: 45643
    checksum: sha256:279946f3c482efea0e7b3ec7608a00434736f2d0669a03b1e8ea278503ef3b77
    name: ipset
    evr: 7.11-11.el9_5
    sourcerpm: ipset-7.11-11.el9_5.src.rpm
  - url: https://cdn-ubi.redhat.com/content/public/ubi/dist/ubi9/9/aarch64/baseos/os/Packages/i/ipset-libs-7.11-11.el9_5.aarch64.rpm
    repoid: ubi-9-for-aarch64-baseos-rpms
    size: 70577
    checksum: sha256:af06e8035b4c13a22ed5ff54ff2fb2694711e7a29f830f96598495f1392de9ab
    name: ipset-libs
    evr: 7.11-11.el9_5
    sourcerpm: ipset-7.11-11.el9_5.src.rpm
  - url: https://cdn-ubi.redhat.com/content/public/ubi/dist/ubi9/9/aarch64/baseos/os/Packages/i/iptables-libs-1.8.10-11.el9_5.aarch64.rpm
    repoid: ubi-9-for-aarch64-baseos-rpms
    size: 477723
    checksum: sha256:73eadf9d16ea9ebb340664873522ef83ad0c28106751783d61c6315a8f0d466f
    name: iptables-libs
    evr: 1.8.10-11.el9_5
    sourcerpm: iptables-1.8.10-11.el9_5.src.rpm
  - url: https://cdn-ubi.redhat.com/content/public/ubi/dist/ubi9/9/aarch64/baseos/os/Packages/i/iptables-nft-1.8.10-11.el9_5.aarch64.rpm
    repoid: ubi-9-for-aarch64-baseos-rpms
    size: 212143
    checksum: sha256:5789f27966252aadd8bf0eae25d324defc2528312ff21b21c4ddb80d1c0b104d
    name: iptables-nft
    evr: 1.8.10-11.el9_5
    sourcerpm: iptables-1.8.10-11.el9_5.src.rpm
  - url: https://cdn-ubi.redhat.com/content/public/ubi/dist/ubi9/9/aarch64/baseos/os/Packages/j/jansson-2.14-1.el9.aarch64.rpm
    repoid: ubi-9-for-aarch64-baseos-rpms
    size: 50251
    checksum: sha256:7c002eb9c81bad49b8a11d9790af6220cce5fb882be7ca11335882d079d1473f
    name: jansson
    evr: 2.14-1.el9
    sourcerpm: jansson-2.14-1.el9.src.rpm
  - url: https://cdn-ubi.redhat.com/content/public/ubi/dist/ubi9/9/aarch64/baseos/os/Packages/k/kmod-28-11.el9.aarch64.rpm
    repoid: ubi-9-for-aarch64-baseos-rpms
    size: 125869
    checksum: sha256:ed0cf7e6f05e0646f968e862c6b6764c5eac8378f918a33e1b78bcde7a994aa3
    name: kmod
    evr: 28-11.el9
    sourcerpm: kmod-28-11.el9.src.rpm
  - url: https://cdn-ubi.redhat.com/content/public/ubi/dist/ubi9/9/aarch64/baseos/os/Packages/l/libatomic-11.5.0-14.el9.aarch64.rpm
    repoid: ubi-9-for-aarch64-baseos-rpms
    size: 26108
    checksum: sha256:bebe2e8fd98c64d1667e3de1eb3751b7b641bf5d0cd870ed6445fea5c4526326
    name: libatomic
    evr: 11.5.0-14.el9
    sourcerpm: gcc-11.5.0-14.el9.src.rpm
  - url: https://cdn-ubi.redhat.com/content/public/ubi/dist/ubi9/9/aarch64/baseos/os/Packages/l/libnetfilter_conntrack-1.0.9-1.el9.aarch64.rpm
    repoid: ubi-9-for-aarch64-baseos-rpms
    size: 61151
    checksum: sha256:28d0047c487c8d8bc6b9544fa0a6ac837a50c309641c689e834a4959d6f1ac01
    name: libnetfilter_conntrack
    evr: 1.0.9-1.el9
    sourcerpm: libnetfilter_conntrack-1.0.9-1.el9.src.rpm
  - url: https://cdn-ubi.redhat.com/content/public/ubi/dist/ubi9/9/aarch64/baseos/os/Packages/l/libnfnetlink-1.0.1-23.el9_5.aarch64.rpm
    repoid: ubi-9-for-aarch64-baseos-rpms
    size: 31790
    checksum: sha256:3bc75fd1a2cf80c51709901538ad65555406ffb0805a91fd59ce02f1a8ddd67c
    name: libnfnetlink
    evr: 1.0.1-23.el9_5
    sourcerpm: libnfnetlink-1.0.1-23.el9_5.src.rpm
  - url: https://cdn-ubi.redhat.com/content/public/ubi/dist/ubi9/9/aarch64/baseos/os/Packages/l/libnftnl-1.2.6-4.el9_4.aarch64.rpm
    repoid: ubi-9-for-aarch64-baseos-rpms
    size: 88780
    checksum: sha256:3e5aa1f38999f45d1720a28af8363a0989e41e8627d70cb18556f2c96841700f
    name: libnftnl
    evr: 1.2.6-4.el9_4
    sourcerpm: libnftnl-1.2.6-4.el9_4.src.rpm
  - url: https://cdn-ubi.redhat.com/content/public/ubi/dist/ubi9/9/aarch64/baseos/os/Packages/l/libselinux-utils-3.6-3.el9.aarch64.rpm
    repoid: ubi-9-for-aarch64-baseos-rpms
    size: 197588
    checksum: sha256:63fc5e8f22ddff6ae1428b6802f7cfc4ef75c50199de107abecbff3937ad0c35
    name: libselinux-utils
    evr: 3.6-3.el9
    sourcerpm: libselinux-3.6-3.el9.src.rpm
  - url: https://cdn-ubi.redhat.com/content/public/ubi/dist/ubi9/9/aarch64/baseos/os/Packages/n/nftables-1.0.9-6.el9_7.aarch64.rpm
    repoid: ubi-9-for-aarch64-baseos-rpms
    size: 430880
    checksum: sha256:c1701cb63a5df1368ba89cc0c53e23ff582a50ab10881ec6ab682a10a4c4cd86
    name: nftables
    evr: 1:1.0.9-6.el9_7
    sourcerpm: nftables-1.0.9-6.el9_7.src.rpm
  - url: https://cdn-ubi.redhat.com/content/public/ubi/dist/ubi9/9/aarch64/baseos/os/Packages/p/policycoreutils-3.6-5.el9.aarch64.rpm
    repoid: ubi-9-for-aarch64-baseos-rpms
    size: 251069
    checksum: sha256:1c94341d45d675a1d583f86e16ff91eacf7fd4d6a89a987ba2c4c4c1783d35ce
    name: policycoreutils
    evr: 3.6-5.el9
    sourcerpm: policycoreutils-3.6-5.el9.src.rpm
  - url: https://cdn-ubi.redhat.com/content/public/ubi/dist/ubi9/9/aarch64/baseos/os/Packages/p/procps-ng-3.3.17-14.el9.aarch64.rpm
    repoid: ubi-9-for-aarch64-baseos-rpms
    size: 363344
    checksum: sha256:a8c7514beb4c3cafa6341f43bbe285319d863b2893a34d91159dc8e90f615dd2
    name: procps-ng
    evr: 3.3.17-14.el9
    sourcerpm: procps-ng-3.3.17-14.el9.src.rpm
  - url: https://cdn-ubi.redhat.com/content/public/ubi/dist/ubi9/9/aarch64/baseos/os/Packages/p/protobuf-c-1.3.3-13.el9.aarch64.rpm
    repoid: ubi-9-for-aarch64-baseos-rpms
    size: 38582
    checksum: sha256:d68a518f80e00df5e63ba24d4be5058998d857e24b1af316f37001dfc91d3149
    name: protobuf-c
    evr: 1.3.3-13.el9
    sourcerpm: protobuf-c-1.3.3-13.el9.src.rpm
  - url: https://cdn-ubi.redhat.com/content/public/ubi/dist/ubi9/9/aarch64/baseos/os/Packages/p/python3-setools-4.4.4-1.el9.aarch64.rpm
    repoid: ubi-9-for-aarch64-baseos-rpms
    size: 613411
    checksum: sha256:f8e347a37155ff1b805c7d7ed1ad98db8df8fdfcf3d04c13c819e796604c892f
    name: python3-setools
    evr: 4.4.4-1.el9
    sourcerpm: setools-4.4.4-1.el9.src.rpm
  - url: https://cdn-ubi.redhat.com/content/public/ubi/dist/ubi9/9/aarch64/baseos/os/Packages/r/rpm-plugin-selinux-4.16.1.3-40.el9.aarch64.rpm
    repoid: ubi-9-for-aarch64-baseos-rpms
    size: 15662
    checksum: sha256:643e78467e756dad9a5ada1d09e49ffe29e1b8b11c4fcf8cd4f06f1239bbb932
    name: rpm-plugin-selinux
    evr: 4.16.1.3-40.el9
    sourcerpm: rpm-4.16.1.3-40.el9.src.rpm
  - url: https://cdn-ubi.redhat.com/content/public/ubi/dist/ubi9/9/aarch64/baseos/os/Packages/s/selinux-policy-38.1.75-2.el9_8.noarch.rpm
    repoid: ubi-9-for-aarch64-baseos-rpms
    size: 47589
    checksum: sha256:781a7861de4d1b08390037fd2bf632df783135a60b39a686f5796036e8b818d6
    name: selinux-policy
    evr: 38.1.75-2.el9_8
    sourcerpm: selinux-policy-38.1.75-2.el9_8.src.rpm
  - url: https://cdn-ubi.redhat.com/content/public/ubi/dist/ubi9/9/aarch64/baseos/os/Packages/s/selinux-policy-targeted-38.1.75-2.el9_8.noarch.rpm
    repoid: ubi-9-for-aarch64-baseos-rpms
    size: 7272627
    checksum: sha256:a63a13d5b5883748b2731eb327417feb3c6e32a6c56b8cdb534218e5857a9e30
    name: selinux-policy-targeted
    evr: 38.1.75-2.el9_8
    sourcerpm: selinux-policy-38.1.75-2.el9_8.src.rpm
  - url: https://cdn.redhat.com/content/dist/layered/rhel9/aarch64/fast-datapath/os/Packages/o/openvswitch-selinux-extra-policy-1.0-39.el9fdp.noarch.rpm
    repoid: fast-datapath-for-rhel-9-aarch64-rpms
    size: 12566
    checksum: sha256:9bed3d04036ddb4dff37e9d3e7a4bc6644e607fe40b61d10493b806d290fc27e
    name: openvswitch-selinux-extra-policy
    evr: 1.0-39.el9fdp
    sourcerpm: openvswitch-selinux-extra-policy-1.0-39.el9fdp.src.rpm
  - url: https://cdn.redhat.com/content/dist/layered/rhel9/aarch64/fast-datapath/os/Packages/o/openvswitch2.17-2.17.0-158.el9fdp.aarch64.rpm
    repoid: fast-datapath-for-rhel-9-aarch64-rpms
    size: 3017046
    checksum: sha256:ed8568fcccc2c0711e0016ceac33a25e9883cdabb5c506ae4a4202a4c6d804c3
    name: openvswitch2.17
    evr: 2.17.0-158.el9fdp
    sourcerpm: openvswitch2.17-2.17.0-158.el9fdp.src.rpm
  source: []
  module_metadata: []
- arch: ppc64le
  packages:
  - url: https://cdn-ubi.redhat.com/content/public/ubi/dist/ubi9/9/ppc64le/appstream/os/Packages/c/checkpolicy-3.6-1.el9.ppc64le.rpm
    repoid: ubi-9-for-ppc64le-appstream-rpms
    size: 392817
    checksum: sha256:3aeb7587530a94dacfb0aa1653030df55173a73309f3ba25dfe3d34b2a0bbc59
    name: checkpolicy
    evr: 3.6-1.el9
    sourcerpm: checkpolicy-3.6-1.el9.src.rpm
  - url: https://cdn-ubi.redhat.com/content/public/ubi/dist/ubi9/9/ppc64le/appstream/os/Packages/p/policycoreutils-python-utils-3.6-5.el9.noarch.rpm
    repoid: ubi-9-for-ppc64le-appstream-rpms
    size: 84137
    checksum: sha256:fae42a122e2848cfe99736012348f9c008c4d35e818e72e590e993e58d9858ad
    name: policycoreutils-python-utils
    evr: 3.6-5.el9
    sourcerpm: policycoreutils-3.6-5.el9.src.rpm
  - url: https://cdn-ubi.redhat.com/content/public/ubi/dist/ubi9/9/ppc64le/appstream/os/Packages/p/python3-audit-3.1.5-8.el9.ppc64le.rpm
    repoid: ubi-9-for-ppc64le-appstream-rpms
    size: 95807
    checksum: sha256:1abc3310ae14eab2697775fb6bcd9ae749758c2bf9652df924b8bc521511f0c6
    name: python3-audit
    evr: 3.1.5-8.el9
    sourcerpm: audit-3.1.5-8.el9.src.rpm
  - url: https://cdn-ubi.redhat.com/content/public/ubi/dist/ubi9/9/ppc64le/appstream/os/Packages/p/python3-distro-1.5.0-7.el9.noarch.rpm
    repoid: ubi-9-for-ppc64le-appstream-rpms
    size: 41452
    checksum: sha256:5cf4276217a72649895226707d4c0e3edd6ea64b66702793fab3907177c73069
    name: python3-distro
    evr: 1.5.0-7.el9
    sourcerpm: python-distro-1.5.0-7.el9.src.rpm
  - url: https://cdn-ubi.redhat.com/content/public/ubi/dist/ubi9/9/ppc64le/appstream/os/Packages/p/python3-libselinux-3.6-3.el9.ppc64le.rpm
    repoid: ubi-9-for-ppc64le-appstream-rpms
    size: 213334
    checksum: sha256:43671ef28be11ed2c05803079896fd59d31ef706cad86ed5b5a0acc056f02e05
    name: python3-libselinux
    evr: 3.6-3.el9
    sourcerpm: libselinux-3.6-3.el9.src.rpm
  - url: https://cdn-ubi.redhat.com/content/public/ubi/dist/ubi9/9/ppc64le/appstream/os/Packages/p/python3-libsemanage-3.6-5.el9_6.ppc64le.rpm
    repoid: ubi-9-for-ppc64le-appstream-rpms
    size: 86091
    checksum: sha256:a42b7400a00c4e27f762f938b7174fa3d295de5e01192ee91a37e23cc50b243b
    name: python3-libsemanage
    evr: 3.6-5.el9_6
    sourcerpm: libsemanage-3.6-5.el9_6.src.rpm
  - url: https://cdn-ubi.redhat.com/content/public/ubi/dist/ubi9/9/ppc64le/appstream/os/Packages/p/python3-policycoreutils-3.6-5.el9.noarch.rpm
    repoid: ubi-9-for-ppc64le-appstream-rpms
    size: 2219410
    checksum: sha256:eb5d83e26cee47b23b4b802d98cae521f41d8d0d8451a9e5029cd9b5016dd00b
    name: python3-policycoreutils
    evr: 3.6-5.el9
    sourcerpm: policycoreutils-3.6-5.el9.src.rpm
  - url: https://cdn-ubi.redhat.com/content/public/ubi/dist/ubi9/9/ppc64le/appstream/os/Packages/u/unbound-libs-1.24.2-2.el9.ppc64le.rpm
    repoid: ubi-9-for-ppc64le-appstream-rpms
    size: 642362
    checksum: sha256:f126ea11685110ea50a2e75302ab49c87c05ad7e0c34789600bdf66a4f659079
    name: unbound-libs
    evr: 1.24.2-2.el9
    sourcerpm: unbound-1.24.2-2.el9.src.rpm
  - url: https://cdn-ubi.redhat.com/content/public/ubi/dist/ubi9/9/ppc64le/baseos/os/Packages/d/diffutils-3.7-12.el9.ppc64le.rpm
    repoid: ubi-9-for-ppc64le-baseos-rpms
    size: 426776
    checksum: sha256:1e58188524109f7f021d2a4a7b7ac5ab9ecab60dba1b1a0defc950a0f3b91f64
    name: diffutils
    evr: 3.7-12.el9
    sourcerpm: diffutils-3.7-12.el9.src.rpm
  - url: https://cdn-ubi.redhat.com/content/public/ubi/dist/ubi9/9/ppc64le/baseos/os/Packages/d/dnf-plugins-core-4.3.0-26.el9.noarch.rpm
    repoid: ubi-9-for-ppc64le-baseos-rpms
    size: 43795
    checksum: sha256:9e559ed75da897efbb9c9f22c936836aa740edf59063faa6c6d3817f0e055d1c
    name: dnf-plugins-core
    evr: 4.3.0-26.el9
    sourcerpm: dnf-plugins-core-4.3.0-26.el9.src.rpm
  - url: https://cdn-ubi.redhat.com/content/public/ubi/dist/ubi9/9/ppc64le/baseos/os/Packages/i/ipset-7.11-11.el9_5.ppc64le.rpm
    repoid: ubi-9-for-ppc64le-baseos-rpms
    size: 45855
    checksum: sha256:8d97110f13a6e1eec6ddd4d6ca65961040b4603492bfbd69c261afddb2477388
    name: ipset
    evr: 7.11-11.el9_5
    sourcerpm: ipset-7.11-11.el9_5.src.rpm
  - url: https://cdn-ubi.redhat.com/content/public/ubi/dist/ubi9/9/ppc64le/baseos/os/Packages/i/ipset-libs-7.11-11.el9_5.ppc64le.rpm
    repoid: ubi-9-for-ppc64le-baseos-rpms
    size: 78295
    checksum: sha256:31781e7a64d9d9c950c2981161607fb4bf367d02ce2054ec750194fdcfb3042c
    name: ipset-libs
    evr: 7.11-11.el9_5
    sourcerpm: ipset-7.11-11.el9_5.src.rpm
  - url: https://cdn-ubi.redhat.com/content/public/ubi/dist/ubi9/9/ppc64le/baseos/os/Packages/i/iptables-libs-1.8.10-11.el9_5.ppc64le.rpm
    repoid: ubi-9-for-ppc64le-baseos-rpms
    size: 495425
    checksum: sha256:0a84672ce1e4031e791cdb97cd444d8289d3adb631ed2bd173181246e0342135
    name: iptables-libs
    evr: 1.8.10-11.el9_5
    sourcerpm: iptables-1.8.10-11.el9_5.src.rpm
  - url: https://cdn-ubi.redhat.com/content/public/ubi/dist/ubi9/9/ppc64le/baseos/os/Packages/i/iptables-nft-1.8.10-11.el9_5.ppc64le.rpm
    repoid: ubi-9-for-ppc64le-baseos-rpms
    size: 235703
    checksum: sha256:55da0e69f96d80fd54b95e21ccc93a95d5216bb01080193ea0532877ac84f86b
    name: iptables-nft
    evr: 1.8.10-11.el9_5
    sourcerpm: iptables-1.8.10-11.el9_5.src.rpm
  - url: https://cdn-ubi.redhat.com/content/public/ubi/dist/ubi9/9/ppc64le/baseos/os/Packages/j/jansson-2.14-1.el9.ppc64le.rpm
    repoid: ubi-9-for-ppc64le-baseos-rpms
    size: 54001
    checksum: sha256:ab715a91f15f52f07c2c5a8219b8f2074386882ad90e5131f89f78ba89e6bc4e
    name: jansson
    evr: 2.14-1.el9
    sourcerpm: jansson-2.14-1.el9.src.rpm
  - url: https://cdn-ubi.redhat.com/content/public/ubi/dist/ubi9/9/ppc64le/baseos/os/Packages/k/kmod-28-11.el9.ppc64le.rpm
    repoid: ubi-9-for-ppc64le-baseos-rpms
    size: 139808
    checksum: sha256:749ef86abd3c52f13b71962421186d0cf5cff1d15fb8aabd72bbc27109d9e544
    name: kmod
    evr: 28-11.el9
    sourcerpm: kmod-28-11.el9.src.rpm
  - url: https://cdn-ubi.redhat.com/content/public/ubi/dist/ubi9/9/ppc64le/baseos/os/Packages/l/libatomic-11.5.0-14.el9.ppc64le.rpm
    repoid: ubi-9-for-ppc64le-baseos-rpms
    size: 25237
    checksum: sha256:2045b15ef21be5d4466f9852abd34938a35e36ef8aed25f4fa7806379a8d2f5c
    name: libatomic
    evr: 11.5.0-14.el9
    sourcerpm: gcc-11.5.0-14.el9.src.rpm
  - url: https://cdn-ubi.redhat.com/content/public/ubi/dist/ubi9/9/ppc64le/baseos/os/Packages/l/libnetfilter_conntrack-1.0.9-1.el9.ppc64le.rpm
    repoid: ubi-9-for-ppc64le-baseos-rpms
    size: 66225
    checksum: sha256:b22a10d614fe52ea3d0fd47002f114004cb80a4a99eaa4a31ba4a22b06f430db
    name: libnetfilter_conntrack
    evr: 1.0.9-1.el9
    sourcerpm: libnetfilter_conntrack-1.0.9-1.el9.src.rpm
  - url: https://cdn-ubi.redhat.com/content/public/ubi/dist/ubi9/9/ppc64le/baseos/os/Packages/l/libnfnetlink-1.0.1-23.el9_5.ppc64le.rpm
    repoid: ubi-9-for-ppc64le-baseos-rpms
    size: 32973
    checksum: sha256:32d7277ac399eb091c7d2ea67652a5973b786dd12be7fe07da1e15759949b764
    name: libnfnetlink
    evr: 1.0.1-23.el9_5
    sourcerpm: libnfnetlink-1.0.1-23.el9_5.src.rpm
  - url: https://cdn-ubi.redhat.com/content/public/ubi/dist/ubi9/9/ppc64le/baseos/os/Packages/l/libnftnl-1.2.6-4.el9_4.ppc64le.rpm
    repoid: ubi-9-for-ppc64le-baseos-rpms
    size: 97430
    checksum: sha256:107d1a8b268a1c5af66ae7d14ea6cca6d10cc147e36804a232221b06c48b43d0
    name: libnftnl
    evr: 1.2.6-4.el9_4
    sourcerpm: libnftnl-1.2.6-4.el9_4.src.rpm
  - url: https://cdn-ubi.redhat.com/content/public/ubi/dist/ubi9/9/ppc64le/baseos/os/Packages/l/libselinux-utils-3.6-3.el9.ppc64le.rpm
    repoid: ubi-9-for-ppc64le-baseos-rpms
    size: 203090
    checksum: sha256:e7817e5ab1c6a69683cc020e8e27770eaf8f67b5206726d1a20bfc2fa8bb6b1e
    name: libselinux-utils
    evr: 3.6-3.el9
    sourcerpm: libselinux-3.6-3.el9.src.rpm
  - url: https://cdn-ubi.redhat.com/content/public/ubi/dist/ubi9/9/ppc64le/baseos/os/Packages/n/nftables-1.0.9-6.el9_7.ppc64le.rpm
    repoid: ubi-9-for-ppc64le-baseos-rpms
    size: 464676
    checksum: sha256:ed0b6e83ba0c85af793a7d9f9c3eb658e0edf3b1920bd0f41069db84463b2d91
    name: nftables
    evr: 1:1.0.9-6.el9_7
    sourcerpm: nftables-1.0.9-6.el9_7.src.rpm
  - url: https://cdn-ubi.redhat.com/content/public/ubi/dist/ubi9/9/ppc64le/baseos/os/Packages/n/numactl-libs-2.0.19-3.el9.ppc64le.rpm
    repoid: ubi-9-for-ppc64le-baseos-rpms
    size: 34217
    checksum: sha256:e63211b7f24c5b95cb1e7f8aaf1c27ab9c3cbffdc130e7f183d839dfd145aa86
    name: numactl-libs
    evr: 2.0.19-3.el9
    sourcerpm: numactl-2.0.19-3.el9.src.rpm
  - url: https://cdn-ubi.redhat.com/content/public/ubi/dist/ubi9/9/ppc64le/baseos/os/Packages/p/policycoreutils-3.6-5.el9.ppc64le.rpm
    repoid: ubi-9-for-ppc64le-baseos-rpms
    size: 252051
    checksum: sha256:8285cf9ecf9d9c9127d1719a23cf549b7e020192ff6bf1ecb486168d907fa999
    name: policycoreutils
    evr: 3.6-5.el9
    sourcerpm: policycoreutils-3.6-5.el9.src.rpm
  - url: https://cdn-ubi.redhat.com/content/public/ubi/dist/ubi9/9/ppc64le/baseos/os/Packages/p/procps-ng-3.3.17-14.el9.ppc64le.rpm
    repoid: ubi-9-for-ppc64le-baseos-rpms
    size: 378421
    checksum: sha256:d76d17ceec32bdf37c72a8ff52582b202fff7b7a3514dc2102ce3fcb42ff1382
    name: procps-ng
    evr: 3.3.17-14.el9
    sourcerpm: procps-ng-3.3.17-14.el9.src.rpm
  - url: https://cdn-ubi.redhat.com/content/public/ubi/dist/ubi9/9/ppc64le/baseos/os/Packages/p/protobuf-c-1.3.3-13.el9.ppc64le.rpm
    repoid: ubi-9-for-ppc64le-baseos-rpms
    size: 41163
    checksum: sha256:68f122113847f244a3fb8f65c25fcc1cd76ac13f79e35e313c4f46a8f1efd2f0
    name: protobuf-c
    evr: 1.3.3-13.el9
    sourcerpm: protobuf-c-1.3.3-13.el9.src.rpm
  - url: https://cdn-ubi.redhat.com/content/public/ubi/dist/ubi9/9/ppc64le/baseos/os/Packages/p/python3-setools-4.4.4-1.el9.ppc64le.rpm
    repoid: ubi-9-for-ppc64le-baseos-rpms
    size: 630876
    checksum: sha256:9285d12c8af13fa320d0a9d18798859158c64480dd2aa000a58632bcd27cf13b
    name: python3-setools
    evr: 4.4.4-1.el9
    sourcerpm: setools-4.4.4-1.el9.src.rpm
  - url: https://cdn-ubi.redhat.com/content/public/ubi/dist/ubi9/9/ppc64le/baseos/os/Packages/r/rpm-plugin-selinux-4.16.1.3-40.el9.ppc64le.rpm
    repoid: ubi-9-for-ppc64le-baseos-rpms
    size: 15746
    checksum: sha256:d79bb98f6c2e7cf8523063394b31a392179ae681ea6114ad0105f6c1f6b7f088
    name: rpm-plugin-selinux
    evr: 4.16.1.3-40.el9
    sourcerpm: rpm-4.16.1.3-40.el9.src.rpm
  - url: https://cdn-ubi.redhat.com/content/public/ubi/dist/ubi9/9/ppc64le/baseos/os/Packages/s/selinux-policy-38.1.75-2.el9_8.noarch.rpm
    repoid: ubi-9-for-ppc64le-baseos-rpms
    size: 47589
    checksum: sha256:781a7861de4d1b08390037fd2bf632df783135a60b39a686f5796036e8b818d6
    name: selinux-policy
    evr: 38.1.75-2.el9_8
    sourcerpm: selinux-policy-38.1.75-2.el9_8.src.rpm
  - url: https://cdn-ubi.redhat.com/content/public/ubi/dist/ubi9/9/ppc64le/baseos/os/Packages/s/selinux-policy-targeted-38.1.75-2.el9_8.noarch.rpm
    repoid: ubi-9-for-ppc64le-baseos-rpms
    size: 7272627
    checksum: sha256:a63a13d5b5883748b2731eb327417feb3c6e32a6c56b8cdb534218e5857a9e30
    name: selinux-policy-targeted
    evr: 38.1.75-2.el9_8
    sourcerpm: selinux-policy-38.1.75-2.el9_8.src.rpm
  - url: https://cdn.redhat.com/content/dist/layered/rhel9/ppc64le/fast-datapath/os/Packages/o/openvswitch-selinux-extra-policy-1.0-39.el9fdp.noarch.rpm
    repoid: fast-datapath-for-rhel-9-ppc64le-rpms
    size: 12566
    checksum: sha256:9bed3d04036ddb4dff37e9d3e7a4bc6644e607fe40b61d10493b806d290fc27e
    name: openvswitch-selinux-extra-policy
    evr: 1.0-39.el9fdp
    sourcerpm: openvswitch-selinux-extra-policy-1.0-39.el9fdp.src.rpm
  - url: https://cdn.redhat.com/content/dist/layered/rhel9/ppc64le/fast-datapath/os/Packages/o/openvswitch2.17-2.17.0-158.el9fdp.ppc64le.rpm
    repoid: fast-datapath-for-rhel-9-ppc64le-rpms
    size: 5097568
    checksum: sha256:405e7b84f6ad05f1b86ee9891e111f9525c615a8f3d4443e8fcf43c2a4fc1fe9
    name: openvswitch2.17
    evr: 2.17.0-158.el9fdp
    sourcerpm: openvswitch2.17-2.17.0-158.el9fdp.src.rpm
  source: []
  module_metadata: []
- arch: s390x
  packages:
  - url: https://cdn-ubi.redhat.com/content/public/ubi/dist/ubi9/9/s390x/appstream/os/Packages/c/checkpolicy-3.6-1.el9.s390x.rpm
    repoid: ubi-9-for-s390x-appstream-rpms
    size: 351280
    checksum: sha256:f2637770a250890cc2f6168a6457d92b6cefe53a8c5699e3b789fda6020d0311
    name: checkpolicy
    evr: 3.6-1.el9
    sourcerpm: checkpolicy-3.6-1.el9.src.rpm
  - url: https://cdn-ubi.redhat.com/content/public/ubi/dist/ubi9/9/s390x/appstream/os/Packages/p/policycoreutils-python-utils-3.6-5.el9.noarch.rpm
    repoid: ubi-9-for-s390x-appstream-rpms
    size: 84137
    checksum: sha256:fae42a122e2848cfe99736012348f9c008c4d35e818e72e590e993e58d9858ad
    name: policycoreutils-python-utils
    evr: 3.6-5.el9
    sourcerpm: policycoreutils-3.6-5.el9.src.rpm
  - url: https://cdn-ubi.redhat.com/content/public/ubi/dist/ubi9/9/s390x/appstream/os/Packages/p/python3-audit-3.1.5-8.el9.s390x.rpm
    repoid: ubi-9-for-s390x-appstream-rpms
    size: 89182
    checksum: sha256:6e54fc390c69c879f7456324a3851a1fc49546fc0889e1631ead7534db64a841
    name: python3-audit
    evr: 3.1.5-8.el9
    sourcerpm: audit-3.1.5-8.el9.src.rpm
  - url: https://cdn-ubi.redhat.com/content/public/ubi/dist/ubi9/9/s390x/appstream/os/Packages/p/python3-distro-1.5.0-7.el9.noarch.rpm
    repoid: ubi-9-for-s390x-appstream-rpms
    size: 41452
    checksum: sha256:5cf4276217a72649895226707d4c0e3edd6ea64b66702793fab3907177c73069
    name: python3-distro
    evr: 1.5.0-7.el9
    sourcerpm: python-distro-1.5.0-7.el9.src.rpm
  - url: https://cdn-ubi.redhat.com/content/public/ubi/dist/ubi9/9/s390x/appstream/os/Packages/p/python3-libselinux-3.6-3.el9.s390x.rpm
    repoid: ubi-9-for-s390x-appstream-rpms
    size: 190360
    checksum: sha256:9b63e1e8127bef69a37c2486fec1b7be29c1719dd8f23b92ca88abae7a9d466b
    name: python3-libselinux
    evr: 3.6-3.el9
    sourcerpm: libselinux-3.6-3.el9.src.rpm
  - url: https://cdn-ubi.redhat.com/content/public/ubi/dist/ubi9/9/s390x/appstream/os/Packages/p/python3-libsemanage-3.6-5.el9_6.s390x.rpm
    repoid: ubi-9-for-s390x-appstream-rpms
    size: 82324
    checksum: sha256:e02938adb70a3b7533980c3f0b39b06b3d2e5fb51066e3aabb81ebd041a58253
    name: python3-libsemanage
    evr: 3.6-5.el9_6
    sourcerpm: libsemanage-3.6-5.el9_6.src.rpm
  - url: https://cdn-ubi.redhat.com/content/public/ubi/dist/ubi9/9/s390x/appstream/os/Packages/p/python3-policycoreutils-3.6-5.el9.noarch.rpm
    repoid: ubi-9-for-s390x-appstream-rpms
    size: 2219410
    checksum: sha256:eb5d83e26cee47b23b4b802d98cae521f41d8d0d8451a9e5029cd9b5016dd00b
    name: python3-policycoreutils
    evr: 3.6-5.el9
    sourcerpm: policycoreutils-3.6-5.el9.src.rpm
  - url: https://cdn-ubi.redhat.com/content/public/ubi/dist/ubi9/9/s390x/appstream/os/Packages/u/unbound-libs-1.24.2-2.el9.s390x.rpm
    repoid: ubi-9-for-s390x-appstream-rpms
    size: 570566
    checksum: sha256:357afcaced41062fa625dcd2cdbbf1e3901033de6f62825a65bf12bd04d37714
    name: unbound-libs
    evr: 1.24.2-2.el9
    sourcerpm: unbound-1.24.2-2.el9.src.rpm
  - url: https://cdn-ubi.redhat.com/content/public/ubi/dist/ubi9/9/s390x/baseos/os/Packages/d/diffutils-3.7-12.el9.s390x.rpm
    repoid: ubi-9-for-s390x-baseos-rpms
    size: 410465
    checksum: sha256:a8015025ca40048059576a71f398c47d4b563e6a91e1e27a453f9212312df259
    name: diffutils
    evr: 3.7-12.el9
    sourcerpm: diffutils-3.7-12.el9.src.rpm
  - url: https://cdn-ubi.redhat.com/content/public/ubi/dist/ubi9/9/s390x/baseos/os/Packages/d/dnf-plugins-core-4.3.0-26.el9.noarch.rpm
    repoid: ubi-9-for-s390x-baseos-rpms
    size: 43795
    checksum: sha256:9e559ed75da897efbb9c9f22c936836aa740edf59063faa6c6d3817f0e055d1c
    name: dnf-plugins-core
    evr: 4.3.0-26.el9
    sourcerpm: dnf-plugins-core-4.3.0-26.el9.src.rpm
  - url: https://cdn-ubi.redhat.com/content/public/ubi/dist/ubi9/9/s390x/baseos/os/Packages/i/ipset-7.11-11.el9_5.s390x.rpm
    repoid: ubi-9-for-s390x-baseos-rpms
    size: 45599
    checksum: sha256:ddec3920c0b65fcffd40c6900467fc291308f7bbc314e8e9078bff2e5f2f15d3
    name: ipset
    evr: 7.11-11.el9_5
    sourcerpm: ipset-7.11-11.el9_5.src.rpm
  - url: https://cdn-ubi.redhat.com/content/public/ubi/dist/ubi9/9/s390x/baseos/os/Packages/i/ipset-libs-7.11-11.el9_5.s390x.rpm
    repoid: ubi-9-for-s390x-baseos-rpms
    size: 70480
    checksum: sha256:1d69d64316b2ecb7c2fca143d7d492deccceeb8751294e1fd9e172b4024936a4
    name: ipset-libs
    evr: 7.11-11.el9_5
    sourcerpm: ipset-7.11-11.el9_5.src.rpm
  - url: https://cdn-ubi.redhat.com/content/public/ubi/dist/ubi9/9/s390x/baseos/os/Packages/i/iptables-libs-1.8.10-11.el9_5.s390x.rpm
    repoid: ubi-9-for-s390x-baseos-rpms
    size: 466972
    checksum: sha256:9cd049dcd4d67a299b18969adb40ad77f81f373a2f67388c9b5dbb67fc2ab35d
    name: iptables-libs
    evr: 1.8.10-11.el9_5
    sourcerpm: iptables-1.8.10-11.el9_5.src.rpm
  - url: https://cdn-ubi.redhat.com/content/public/ubi/dist/ubi9/9/s390x/baseos/os/Packages/i/iptables-nft-1.8.10-11.el9_5.s390x.rpm
    repoid: ubi-9-for-s390x-baseos-rpms
    size: 215178
    checksum: sha256:93bdd10b9b1256077cda7e6815d9f244daf8e3a5598c28390c1d9d96a369df06
    name: iptables-nft
    evr: 1.8.10-11.el9_5
    sourcerpm: iptables-1.8.10-11.el9_5.src.rpm
  - url: https://cdn-ubi.redhat.com/content/public/ubi/dist/ubi9/9/s390x/baseos/os/Packages/j/jansson-2.14-1.el9.s390x.rpm
    repoid: ubi-9-for-s390x-baseos-rpms
    size: 47657
    checksum: sha256:3da6821430545cab897d8119cc63c24c7dde32a8604b89f4fc0dd98beaf2714a
    name: jansson
    evr: 2.14-1.el9
    sourcerpm: jansson-2.14-1.el9.src.rpm
  - url: https://cdn-ubi.redhat.com/content/public/ubi/dist/ubi9/9/s390x/baseos/os/Packages/k/kmod-28-11.el9.s390x.rpm
    repoid: ubi-9-for-s390x-baseos-rpms
    size: 126577
    checksum: sha256:61ec655be0f69f6e52ed6f2d3913b33bdf966f95cbb3c6c752acd9bb40e805d5
    name: kmod
    evr: 28-11.el9
    sourcerpm: kmod-28-11.el9.src.rpm
  - url: https://cdn-ubi.redhat.com/content/public/ubi/dist/ubi9/9/s390x/baseos/os/Packages/l/libatomic-11.5.0-14.el9.s390x.rpm
    repoid: ubi-9-for-s390x-baseos-rpms
    size: 23565
    checksum: sha256:d47293bae690a1bcb9de6459429b7e8159bfc4f6977592fbe2f6d527e214aff2
    name: libatomic
    evr: 11.5.0-14.el9
    sourcerpm: gcc-11.5.0-14.el9.src.rpm
  - url: https://cdn-ubi.redhat.com/content/public/ubi/dist/ubi9/9/s390x/baseos/os/Packages/l/libnetfilter_conntrack-1.0.9-1.el9.s390x.rpm
    repoid: ubi-9-for-s390x-baseos-rpms
    size: 60433
    checksum: sha256:ce17551e7a729ee5ef5c171eb20c28d8d1901e91539b7f45a6e1fdfc1ab0495d
    name: libnetfilter_conntrack
    evr: 1.0.9-1.el9
    sourcerpm: libnetfilter_conntrack-1.0.9-1.el9.src.rpm
  - url: https://cdn-ubi.redhat.com/content/public/ubi/dist/ubi9/9/s390x/baseos/os/Packages/l/libnfnetlink-1.0.1-23.el9_5.s390x.rpm
    repoid: ubi-9-for-s390x-baseos-rpms
    size: 31516
    checksum: sha256:4e97b4216a32a22acceac622dd3cc76d18d4095404e1ef675a29a1bfeec72b03
    name: libnfnetlink
    evr: 1.0.1-23.el9_5
    sourcerpm: libnfnetlink-1.0.1-23.el9_5.src.rpm
  - url: https://cdn-ubi.redhat.com/content/public/ubi/dist/ubi9/9/s390x/baseos/os/Packages/l/libnftnl-1.2.6-4.el9_4.s390x.rpm
    repoid: ubi-9-for-s390x-baseos-rpms
    size: 86183
    checksum: sha256:0bcdbb4cd732e4c88625ba0eef15f4327f618ff0d40768c0cf5d897e9334e8de
    name: libnftnl
    evr: 1.2.6-4.el9_4
    sourcerpm: libnftnl-1.2.6-4.el9_4.src.rpm
  - url: https://cdn-ubi.redhat.com/content/public/ubi/dist/ubi9/9/s390x/baseos/os/Packages/l/libselinux-utils-3.6-3.el9.s390x.rpm
    repoid: ubi-9-for-s390x-baseos-rpms
    size: 197292
    checksum: sha256:315c92b1796174b7c43dfec36440f8cba66e223cfbed922c6978a4bfe4983c6d
    name: libselinux-utils
    evr: 3.6-3.el9
    sourcerpm: libselinux-3.6-3.el9.src.rpm
  - url: https://cdn-ubi.redhat.com/content/public/ubi/dist/ubi9/9/s390x/baseos/os/Packages/n/nftables-1.0.9-6.el9_7.s390x.rpm
    repoid: ubi-9-for-s390x-baseos-rpms
    size: 421482
    checksum: sha256:9bbc4b5022d2b93f8635bf8403b03defee311bc355db09831136b8683e7ffe3f
    name: nftables
    evr: 1:1.0.9-6.el9_7
    sourcerpm: nftables-1.0.9-6.el9_7.src.rpm
  - url: https://cdn-ubi.redhat.com/content/public/ubi/dist/ubi9/9/s390x/baseos/os/Packages/p/policycoreutils-3.6-5.el9.s390x.rpm
    repoid: ubi-9-for-s390x-baseos-rpms
    size: 249990
    checksum: sha256:65992974b4aa85088d8f38a073aeef260010be9b68d45778e69b4470fffd6e88
    name: policycoreutils
    evr: 3.6-5.el9
    sourcerpm: policycoreutils-3.6-5.el9.src.rpm
  - url: https://cdn-ubi.redhat.com/content/public/ubi/dist/ubi9/9/s390x/baseos/os/Packages/p/procps-ng-3.3.17-14.el9.s390x.rpm
    repoid: ubi-9-for-s390x-baseos-rpms
    size: 354331
    checksum: sha256:540d734809d1a9ef380a47c5ef3039b2ab736bea53ba8f34d2456d654dc92f1b
    name: procps-ng
    evr: 3.3.17-14.el9
    sourcerpm: procps-ng-3.3.17-14.el9.src.rpm
  - url: https://cdn-ubi.redhat.com/content/public/ubi/dist/ubi9/9/s390x/baseos/os/Packages/p/protobuf-c-1.3.3-13.el9.s390x.rpm
    repoid: ubi-9-for-s390x-baseos-rpms
    size: 38450
    checksum: sha256:0ba1d0bcbc80c2dc53fdac3eecf2606aab133ca22ba7cf857d720c78cb120782
    name: protobuf-c
    evr: 1.3.3-13.el9
    sourcerpm: protobuf-c-1.3.3-13.el9.src.rpm
  - url: https://cdn-ubi.redhat.com/content/public/ubi/dist/ubi9/9/s390x/baseos/os/Packages/p/python3-setools-4.4.4-1.el9.s390x.rpm
    repoid: ubi-9-for-s390x-baseos-rpms
    size: 599860
    checksum: sha256:71afade33b960abc643c3be442ee590ed1c845f07f4877ae65b76761104cbd8b
    name: python3-setools
    evr: 4.4.4-1.el9
    sourcerpm: setools-4.4.4-1.el9.src.rpm
  - url: https://cdn-ubi.redhat.com/content/public/ubi/dist/ubi9/9/s390x/baseos/os/Packages/r/rpm-plugin-selinux-4.16.1.3-40.el9.s390x.rpm
    repoid: ubi-9-for-s390x-baseos-rpms
    size: 15442
    checksum: sha256:b40289fb4a435c10d1678a5c31bdf9c133abc30420b3185385766c526f14cc5f
    name: rpm-plugin-selinux
    evr: 4.16.1.3-40.el9
    sourcerpm: rpm-4.16.1.3-40.el9.src.rpm
  - url: https://cdn-ubi.redhat.com/content/public/ubi/dist/ubi9/9/s390x/baseos/os/Packages/s/selinux-policy-38.1.75-2.el9_8.noarch.rpm
    repoid: ubi-9-for-s390x-baseos-rpms
    size: 47589
    checksum: sha256:781a7861de4d1b08390037fd2bf632df783135a60b39a686f5796036e8b818d6
    name: selinux-policy
    evr: 38.1.75-2.el9_8
    sourcerpm: selinux-policy-38.1.75-2.el9_8.src.rpm
  - url: https://cdn-ubi.redhat.com/content/public/ubi/dist/ubi9/9/s390x/baseos/os/Packages/s/selinux-policy-targeted-38.1.75-2.el9_8.noarch.rpm
    repoid: ubi-9-for-s390x-baseos-rpms
    size: 7272627
    checksum: sha256:a63a13d5b5883748b2731eb327417feb3c6e32a6c56b8cdb534218e5857a9e30
    name: selinux-policy-targeted
    evr: 38.1.75-2.el9_8
    sourcerpm: selinux-policy-38.1.75-2.el9_8.src.rpm
  - url: https://cdn.redhat.com/content/dist/layered/rhel9/s390x/fast-datapath/os/Packages/o/openvswitch-selinux-extra-policy-1.0-39.el9fdp.noarch.rpm
    repoid: fast-datapath-for-rhel-9-s390x-rpms
    size: 12566
    checksum: sha256:9bed3d04036ddb4dff37e9d3e7a4bc6644e607fe40b61d10493b806d290fc27e
    name: openvswitch-selinux-extra-policy
    evr: 1.0-39.el9fdp
    sourcerpm: openvswitch-selinux-extra-policy-1.0-39.el9fdp.src.rpm
  - url: https://cdn.redhat.com/content/dist/layered/rhel9/s390x/fast-datapath/os/Packages/o/openvswitch2.17-2.17.0-158.el9fdp.s390x.rpm
    repoid: fast-datapath-for-rhel-9-s390x-rpms
    size: 2925866
    checksum: sha256:1ce26c1b22471767f8353dcf35bfdea6c3e796a8fd79edca31d1b1386aa58c5c
    name: openvswitch2.17
    evr: 2.17.0-158.el9fdp
    sourcerpm: openvswitch2.17-2.17.0-158.el9fdp.src.rpm
  source: []
  module_metadata: []
- arch: x86_64
  packages:
  - url: https://cdn-ubi.redhat.com/content/public/ubi/dist/ubi9/9/x86_64/appstream/os/Packages/c/checkpolicy-3.6-1.el9.x86_64.rpm
    repoid: ubi-9-for-x86_64-appstream-rpms
    size: 365931
    checksum: sha256:3d12bc7e21276434108c97561f75d1854283afb73d4fface3b836acee09f8d98
    name: checkpolicy
    evr: 3.6-1.el9
    sourcerpm: checkpolicy-3.6-1.el9.src.rpm
  - url: https://cdn-ubi.redhat.com/content/public/ubi/dist/ubi9/9/x86_64/appstream/os/Packages/p/policycoreutils-python-utils-3.6-5.el9.noarch.rpm
    repoid: ubi-9-for-x86_64-appstream-rpms
    size: 84137
    checksum: sha256:fae42a122e2848cfe99736012348f9c008c4d35e818e72e590e993e58d9858ad
    name: policycoreutils-python-utils
    evr: 3.6-5.el9
    sourcerpm: policycoreutils-3.6-5.el9.src.rpm
  - url: https://cdn-ubi.redhat.com/content/public/ubi/dist/ubi9/9/x86_64/appstream/os/Packages/p/python3-audit-3.1.5-8.el9.x86_64.rpm
    repoid: ubi-9-for-x86_64-appstream-rpms
    size: 90891
    checksum: sha256:493229df98414e566fd0e16e06058e7902329f0b188ced24c8d434d2e097ec82
    name: python3-audit
    evr: 3.1.5-8.el9
    sourcerpm: audit-3.1.5-8.el9.src.rpm
  - url: https://cdn-ubi.redhat.com/content/public/ubi/dist/ubi9/9/x86_64/appstream/os/Packages/p/python3-distro-1.5.0-7.el9.noarch.rpm
    repoid: ubi-9-for-x86_64-appstream-rpms
    size: 41452
    checksum: sha256:5cf4276217a72649895226707d4c0e3edd6ea64b66702793fab3907177c73069
    name: python3-distro
    evr: 1.5.0-7.el9
    sourcerpm: python-distro-1.5.0-7.el9.src.rpm
  - url: https://cdn-ubi.redhat.com/content/public/ubi/dist/ubi9/9/x86_64/appstream/os/Packages/p/python3-libselinux-3.6-3.el9.x86_64.rpm
    repoid: ubi-9-for-x86_64-appstream-rpms
    size: 196472
    checksum: sha256:7af821a0ee7c7b56df79de25fe35cc2d0fd6f45df5c3bcec2c5e72d7378ba265
    name: python3-libselinux
    evr: 3.6-3.el9
    sourcerpm: libselinux-3.6-3.el9.src.rpm
  - url: https://cdn-ubi.redhat.com/content/public/ubi/dist/ubi9/9/x86_64/appstream/os/Packages/p/python3-libsemanage-3.6-5.el9_6.x86_64.rpm
    repoid: ubi-9-for-x86_64-appstream-rpms
    size: 82730
    checksum: sha256:8a17df19f0ff5dbb98fe608999cb2370983d8565658df01d0993b3028cbf28d6
    name: python3-libsemanage
    evr: 3.6-5.el9_6
    sourcerpm: libsemanage-3.6-5.el9_6.src.rpm
  - url: https://cdn-ubi.redhat.com/content/public/ubi/dist/ubi9/9/x86_64/appstream/os/Packages/p/python3-policycoreutils-3.6-5.el9.noarch.rpm
    repoid: ubi-9-for-x86_64-appstream-rpms
    size: 2219410
    checksum: sha256:eb5d83e26cee47b23b4b802d98cae521f41d8d0d8451a9e5029cd9b5016dd00b
    name: python3-policycoreutils
    evr: 3.6-5.el9
    sourcerpm: policycoreutils-3.6-5.el9.src.rpm
  - url: https://cdn-ubi.redhat.com/content/public/ubi/dist/ubi9/9/x86_64/appstream/os/Packages/u/unbound-libs-1.24.2-2.el9.x86_64.rpm
    repoid: ubi-9-for-x86_64-appstream-rpms
    size: 601156
    checksum: sha256:754936e683e0b66bd51a3e1fc8bf304bba242cf7d372dd3f46445107b4c9659b
    name: unbound-libs
    evr: 1.24.2-2.el9
    sourcerpm: unbound-1.24.2-2.el9.src.rpm
  - url: https://cdn-ubi.redhat.com/content/public/ubi/dist/ubi9/9/x86_64/baseos/os/Packages/d/diffutils-3.7-12.el9.x86_64.rpm
    repoid: ubi-9-for-x86_64-baseos-rpms
    size: 411559
    checksum: sha256:2d4c4fdfc10215af3c957c24995b79a26e27e6d76de4ed1f5198d25bf7ef9671
    name: diffutils
    evr: 3.7-12.el9
    sourcerpm: diffutils-3.7-12.el9.src.rpm
  - url: https://cdn-ubi.redhat.com/content/public/ubi/dist/ubi9/9/x86_64/baseos/os/Packages/d/dnf-plugins-core-4.3.0-26.el9.noarch.rpm
    repoid: ubi-9-for-x86_64-baseos-rpms
    size: 43795
    checksum: sha256:9e559ed75da897efbb9c9f22c936836aa740edf59063faa6c6d3817f0e055d1c
    name: dnf-plugins-core
    evr: 4.3.0-26.el9
    sourcerpm: dnf-plugins-core-4.3.0-26.el9.src.rpm
  - url: https://cdn-ubi.redhat.com/content/public/ubi/dist/ubi9/9/x86_64/baseos/os/Packages/i/ipset-7.11-11.el9_5.x86_64.rpm
    repoid: ubi-9-for-x86_64-baseos-rpms
    size: 45774
    checksum: sha256:853a048135da647d6b84039d3218300c334444a5b64769ae592a5f967aebeb5d
    name: ipset
    evr: 7.11-11.el9_5
    sourcerpm: ipset-7.11-11.el9_5.src.rpm
  - url: https://cdn-ubi.redhat.com/content/public/ubi/dist/ubi9/9/x86_64/baseos/os/Packages/i/ipset-libs-7.11-11.el9_5.x86_64.rpm
    repoid: ubi-9-for-x86_64-baseos-rpms
    size: 72301
    checksum: sha256:74e95b61324dbdb44060672764ec18b72eeb7f368bb12de1481c0b7b5feaa176
    name: ipset-libs
    evr: 7.11-11.el9_5
    sourcerpm: ipset-7.11-11.el9_5.src.rpm
  - url: https://cdn-ubi.redhat.com/content/public/ubi/dist/ubi9/9/x86_64/baseos/os/Packages/i/iptables-libs-1.8.10-11.el9_5.x86_64.rpm
    repoid: ubi-9-for-x86_64-baseos-rpms
    size: 476678
    checksum: sha256:3e79ca4cc3d35c1f1e0ac6c9f05c5be56b7ab6dd1f8ae719a21ec1b9e3bfa018
    name: iptables-libs
    evr: 1.8.10-11.el9_5
    sourcerpm: iptables-1.8.10-11.el9_5.src.rpm
  - url: https://cdn-ubi.redhat.com/content/public/ubi/dist/ubi9/9/x86_64/baseos/os/Packages/i/iptables-nft-1.8.10-11.el9_5.x86_64.rpm
    repoid: ubi-9-for-x86_64-baseos-rpms
    size: 214056
    checksum: sha256:54e031813637738af285ff4b1c2e4a20b913f2ea643a29940a07ccaf8bd197f5
    name: iptables-nft
    evr: 1.8.10-11.el9_5
    sourcerpm: iptables-1.8.10-11.el9_5.src.rpm
  - url: https://cdn-ubi.redhat.com/content/public/ubi/dist/ubi9/9/x86_64/baseos/os/Packages/j/jansson-2.14-1.el9.x86_64.rpm
    repoid: ubi-9-for-x86_64-baseos-rpms
    size: 49137
    checksum: sha256:4e9aec51ee46d7265d6edd1245b5d5ab5e8336dc2a4ca17f2cace2ce8bae3761
    name: jansson
    evr: 2.14-1.el9
    sourcerpm: jansson-2.14-1.el9.src.rpm
  - url: https://cdn-ubi.redhat.com/content/public/ubi/dist/ubi9/9/x86_64/baseos/os/Packages/k/kmod-28-11.el9.x86_64.rpm
    repoid: ubi-9-for-x86_64-baseos-rpms
    size: 127775
    checksum: sha256:f85ac587f3c6abab55c30986b5f4af790c3fa2f2a413057db8e9250c79825b5d
    name: kmod
    evr: 28-11.el9
    sourcerpm: kmod-28-11.el9.src.rpm
  - url: https://cdn-ubi.redhat.com/content/public/ubi/dist/ubi9/9/x86_64/baseos/os/Packages/l/libibverbs-61.0-2.el9.x86_64.rpm
    repoid: ubi-9-for-x86_64-baseos-rpms
    size: 498499
    checksum: sha256:4789955ff27b0339c2b61ad52d492965e0ad7f02cd44b68370ca82d6aa596b41
    name: libibverbs
    evr: 61.0-2.el9
    sourcerpm: rdma-core-61.0-2.el9.src.rpm
  - url: https://cdn-ubi.redhat.com/content/public/ubi/dist/ubi9/9/x86_64/baseos/os/Packages/l/libnetfilter_conntrack-1.0.9-1.el9.x86_64.rpm
    repoid: ubi-9-for-x86_64-baseos-rpms
    size: 62066
    checksum: sha256:beeb73e78390077c6afd9ed6177bad8bad278dbfaae9d90edf7243cdf6a44a3f
    name: libnetfilter_conntrack
    evr: 1.0.9-1.el9
    sourcerpm: libnetfilter_conntrack-1.0.9-1.el9.src.rpm
  - url: https://cdn-ubi.redhat.com/content/public/ubi/dist/ubi9/9/x86_64/baseos/os/Packages/l/libnfnetlink-1.0.1-23.el9_5.x86_64.rpm
    repoid: ubi-9-for-x86_64-baseos-rpms
    size: 32236
    checksum: sha256:177882bfe48c9c9effc7b1bce6b58b2466988c53e400c07fb1ba2d3a4ebe6f40
    name: libnfnetlink
    evr: 1.0.1-23.el9_5
    sourcerpm: libnfnetlink-1.0.1-23.el9_5.src.rpm
  - url: https://cdn-ubi.redhat.com/content/public/ubi/dist/ubi9/9/x86_64/baseos/os/Packages/l/libnftnl-1.2.6-4.el9_4.x86_64.rpm
    repoid: ubi-9-for-x86_64-baseos-rpms
    size: 91380
    checksum: sha256:e64d7b270be4be36af80ed220852cb760a1069e34667b1ba9eec7a02762a14bf
    name: libnftnl
    evr: 1.2.6-4.el9_4
    sourcerpm: libnftnl-1.2.6-4.el9_4.src.rpm
  - url: https://cdn-ubi.redhat.com/content/public/ubi/dist/ubi9/9/x86_64/baseos/os/Packages/l/libnl3-3.11.0-1.el9.x86_64.rpm
    repoid: ubi-9-for-x86_64-baseos-rpms
    size: 376137
    checksum: sha256:89728a253a5bf1c8e01c40573f1283d40188e003bdbd4ac565f8b0f05bced55c
    name: libnl3
    evr: 3.11.0-1.el9
    sourcerpm: libnl3-3.11.0-1.el9.src.rpm
  - url: https://cdn-ubi.redhat.com/content/public/ubi/dist/ubi9/9/x86_64/baseos/os/Packages/l/libselinux-utils-3.6-3.el9.x86_64.rpm
    repoid: ubi-9-for-x86_64-baseos-rpms
    size: 198410
    checksum: sha256:e5d79885864cd5b2a307065b43ba1af1523ec7ac26eace2717c70ede1b6e4c56
    name: libselinux-utils
    evr: 3.6-3.el9
    sourcerpm: libselinux-3.6-3.el9.src.rpm
  - url: https://cdn-ubi.redhat.com/content/public/ubi/dist/ubi9/9/x86_64/baseos/os/Packages/n/nftables-1.0.9-6.el9_7.x86_64.rpm
    repoid: ubi-9-for-x86_64-baseos-rpms
    size: 437469
    checksum: sha256:9ef3679a12f899ab4ebd5da31090c6624cfe35812d96f0f4609666aef7786e47
    name: nftables
    evr: 1:1.0.9-6.el9_7
    sourcerpm: nftables-1.0.9-6.el9_7.src.rpm
  - url: https://cdn-ubi.redhat.com/content/public/ubi/dist/ubi9/9/x86_64/baseos/os/Packages/n/numactl-libs-2.0.19-3.el9.x86_64.rpm
    repoid: ubi-9-for-x86_64-baseos-rpms
    size: 31071
    checksum: sha256:dcf66dcbdacd6d030f240de129ba1e939c30ed4217ccf40d36dcaebb3aa9e728
    name: numactl-libs
    evr: 2.0.19-3.el9
    sourcerpm: numactl-2.0.19-3.el9.src.rpm
  - url: https://cdn-ubi.redhat.com/content/public/ubi/dist/ubi9/9/x86_64/baseos/os/Packages/p/policycoreutils-3.6-5.el9.x86_64.rpm
    repoid: ubi-9-for-x86_64-baseos-rpms
    size: 250930
    checksum: sha256:fffd2206493e48409306c0494f53a549fb5e2944a7f53ad7377ed76a4b28f671
    name: policycoreutils
    evr: 3.6-5.el9
    sourcerpm: policycoreutils-3.6-5.el9.src.rpm
  - url: https://cdn-ubi.redhat.com/content/public/ubi/dist/ubi9/9/x86_64/baseos/os/Packages/p/procps-ng-3.3.17-14.el9.x86_64.rpm
    repoid: ubi-9-for-x86_64-baseos-rpms
    size: 361526
    checksum: sha256:506ad778f63821e8d9647ca8e0a3ff21b8af9c1666060d5200f9b26ee718333c
    name: procps-ng
    evr: 3.3.17-14.el9
    sourcerpm: procps-ng-3.3.17-14.el9.src.rpm
  - url: https://cdn-ubi.redhat.com/content/public/ubi/dist/ubi9/9/x86_64/baseos/os/Packages/p/protobuf-c-1.3.3-13.el9.x86_64.rpm
    repoid: ubi-9-for-x86_64-baseos-rpms
    size: 38224
    checksum: sha256:9669f5bed1c9532ede399cd1ea6f8937ae7d18cfb56d59f2939a4b456390035f
    name: protobuf-c
    evr: 1.3.3-13.el9
    sourcerpm: protobuf-c-1.3.3-13.el9.src.rpm
  - url: https://cdn-ubi.redhat.com/content/public/ubi/dist/ubi9/9/x86_64/baseos/os/Packages/p/python3-setools-4.4.4-1.el9.x86_64.rpm
    repoid: ubi-9-for-x86_64-baseos-rpms
    size: 623460
    checksum: sha256:91946d729d2b03b4abe1c43962f22d110468db0163241cda7b1d549c615d0261
    name: python3-setools
    evr: 4.4.4-1.el9
    sourcerpm: setools-4.4.4-1.el9.src.rpm
  - url: https://cdn-ubi.redhat.com/content/public/ubi/dist/ubi9/9/x86_64/baseos/os/Packages/r/rpm-plugin-selinux-4.16.1.3-40.el9.x86_64.rpm
    repoid: ubi-9-for-x86_64-baseos-rpms
    size: 15732
    checksum: sha256:8c22ac3d44a0380c7cbb6e1565a916864d92814b85522c084e5fe8d99f776362
    name: rpm-plugin-selinux
    evr: 4.16.1.3-40.el9
    sourcerpm: rpm-4.16.1.3-40.el9.src.rpm
  - url: https://cdn-ubi.redhat.com/content/public/ubi/dist/ubi9/9/x86_64/baseos/os/Packages/s/selinux-policy-38.1.75-2.el9_8.noarch.rpm
    repoid: ubi-9-for-x86_64-baseos-rpms
    size: 47589
    checksum: sha256:781a7861de4d1b08390037fd2bf632df783135a60b39a686f5796036e8b818d6
    name: selinux-policy
    evr: 38.1.75-2.el9_8
    sourcerpm: selinux-policy-38.1.75-2.el9_8.src.rpm
  - url: https://cdn-ubi.redhat.com/content/public/ubi/dist/ubi9/9/x86_64/baseos/os/Packages/s/selinux-policy-targeted-38.1.75-2.el9_8.noarch.rpm
    repoid: ubi-9-for-x86_64-baseos-rpms
    size: 7272627
    checksum: sha256:a63a13d5b5883748b2731eb327417feb3c6e32a6c56b8cdb534218e5857a9e30
    name: selinux-policy-targeted
    evr: 38.1.75-2.el9_8
    sourcerpm: selinux-policy-38.1.75-2.el9_8.src.rpm
  - url: https://cdn.redhat.com/content/dist/layered/rhel9/x86_64/fast-datapath/os/Packages/o/openvswitch-selinux-extra-policy-1.0-39.el9fdp.noarch.rpm
    repoid: fast-datapath-for-rhel-9-x86_64-rpms
    size: 12566
    checksum: sha256:9bed3d04036ddb4dff37e9d3e7a4bc6644e607fe40b61d10493b806d290fc27e
    name: openvswitch-selinux-extra-policy
    evr: 1.0-39.el9fdp
    sourcerpm: openvswitch-selinux-extra-policy-1.0-39.el9fdp.src.rpm
  - url: https://cdn.redhat.com/content/dist/layered/rhel9/x86_64/fast-datapath/os/Packages/o/openvswitch2.17-2.17.0-158.el9fdp.x86_64.rpm
    repoid: fast-datapath-for-rhel-9-x86_64-rpms
    size: 6936016
    checksum: sha256:8dd3c83df23a01be1355a015eb5312a11ce0565a5cf0e6f811d63540c74ad4b2
    name: openvswitch2.17
    evr: 2.17.0-158.el9fdp
    sourcerpm: openvswitch2.17-2.17.0-158.el9fdp.src.rpm
  source: []
  module_metadata: []
